// !$*UTF8*$!
{
	archiveVersion = 1;
	classes = {
	};
	objectVersion = 51;
	objects = {

/* Begin PBXBuildFile section */
		5011ED3D2817625D00831C83 /* AppDelegate.swift in Sources */ = {isa = PBXBuildFile; fileRef = 5011ED3C2817625D00831C83 /* AppDelegate.swift */; };
		5011ED3F2817625D00831C83 /* SceneDelegate.swift in Sources */ = {isa = PBXBuildFile; fileRef = 5011ED3E2817625D00831C83 /* SceneDelegate.swift */; };
		5011ED472817625D00831C83 /* MiTiendita.xcdatamodeld in Sources */ = {isa = PBXBuildFile; fileRef = 5011ED452817625D00831C83 /* MiTiendita.xcdatamodeld */; };
		5011ED492817626100831C83 /* Assets.xcassets in Resources */ = {isa = PBXBuildFile; fileRef = 5011ED482817626100831C83 /* Assets.xcassets */; };
		5011ED4C2817626100831C83 /* LaunchScreen.storyboard in Resources */ = {isa = PBXBuildFile; fileRef = 5011ED4A2817626100831C83 /* LaunchScreen.storyboard */; };
		5011ED572817626200831C83 /* MiTienditaTests.swift in Sources */ = {isa = PBXBuildFile; fileRef = 5011ED562817626200831C83 /* MiTienditaTests.swift */; };
		5011ED622817626200831C83 /* MiTienditaUITests.swift in Sources */ = {isa = PBXBuildFile; fileRef = 5011ED612817626200831C83 /* MiTienditaUITests.swift */; };
		501A6FEE282043EB00636F7F /* RegisterProductsViewController.swift in Sources */ = {isa = PBXBuildFile; fileRef = 501A6FED282043EB00636F7F /* RegisterProductsViewController.swift */; };
		501A6FF3282043FB00636F7F /* RegisterProductsStoryboard.storyboard in Resources */ = {isa = PBXBuildFile; fileRef = 501A6FF2282043FB00636F7F /* RegisterProductsStoryboard.storyboard */; };
		501A6FF82820440C00636F7F /* RegisterProductsInteractor.swift in Sources */ = {isa = PBXBuildFile; fileRef = 501A6FF72820440C00636F7F /* RegisterProductsInteractor.swift */; };
		501A6FFD2820441700636F7F /* RegisterProductsPresenter.swift in Sources */ = {isa = PBXBuildFile; fileRef = 501A6FFC2820441700636F7F /* RegisterProductsPresenter.swift */; };
		501A70022820442900636F7F /* RegisterProductsRouter.swift in Sources */ = {isa = PBXBuildFile; fileRef = 501A70012820442900636F7F /* RegisterProductsRouter.swift */; };
		501A70072820443400636F7F /* RegisterProductsProtocol.swift in Sources */ = {isa = PBXBuildFile; fileRef = 501A70062820443400636F7F /* RegisterProductsProtocol.swift */; };
		50577BC828183FDE00EEC7B7 /* IndexViewController.swift in Sources */ = {isa = PBXBuildFile; fileRef = 50577BC728183FDE00EEC7B7 /* IndexViewController.swift */; };
		50577BCD28183FED00EEC7B7 /* IndexStoryboard.storyboard in Resources */ = {isa = PBXBuildFile; fileRef = 50577BCC28183FED00EEC7B7 /* IndexStoryboard.storyboard */; };
		50577BD22818400000EEC7B7 /* IndexProtocol.swift in Sources */ = {isa = PBXBuildFile; fileRef = 50577BD12818400000EEC7B7 /* IndexProtocol.swift */; };
		50577BD72818400B00EEC7B7 /* IndexRouter.swift in Sources */ = {isa = PBXBuildFile; fileRef = 50577BD62818400B00EEC7B7 /* IndexRouter.swift */; };
		50577BDC2818401A00EEC7B7 /* IndexEntity.swift in Sources */ = {isa = PBXBuildFile; fileRef = 50577BDB2818401A00EEC7B7 /* IndexEntity.swift */; };
		50577BE12818402700EEC7B7 /* IndexPresenter.swift in Sources */ = {isa = PBXBuildFile; fileRef = 50577BE02818402700EEC7B7 /* IndexPresenter.swift */; };
		50577BE62818403600EEC7B7 /* IndexInteractor.swift in Sources */ = {isa = PBXBuildFile; fileRef = 50577BE52818403600EEC7B7 /* IndexInteractor.swift */; };
		50577C4028186DDC00EEC7B7 /* UserEntity.swift in Sources */ = {isa = PBXBuildFile; fileRef = 50577C3428186DDC00EEC7B7 /* UserEntity.swift */; };
		50577C4128186DDC00EEC7B7 /* UserPresenter.swift in Sources */ = {isa = PBXBuildFile; fileRef = 50577C3628186DDC00EEC7B7 /* UserPresenter.swift */; };
		50577C4228186DDC00EEC7B7 /* UserStoryboard.storyboard in Resources */ = {isa = PBXBuildFile; fileRef = 50577C3828186DDC00EEC7B7 /* UserStoryboard.storyboard */; };
		50577C4328186DDC00EEC7B7 /* UserViewController.swift in Sources */ = {isa = PBXBuildFile; fileRef = 50577C3928186DDC00EEC7B7 /* UserViewController.swift */; };
		50577C4428186DDC00EEC7B7 /* UserInteractor.swift in Sources */ = {isa = PBXBuildFile; fileRef = 50577C3B28186DDC00EEC7B7 /* UserInteractor.swift */; };
		50577C4528186DDC00EEC7B7 /* UserProtocol.swift in Sources */ = {isa = PBXBuildFile; fileRef = 50577C3D28186DDC00EEC7B7 /* UserProtocol.swift */; };
		50577C4628186DDC00EEC7B7 /* UserRouter.swift in Sources */ = {isa = PBXBuildFile; fileRef = 50577C3F28186DDC00EEC7B7 /* UserRouter.swift */; };
		506897F32820771800566000 /* UserRegisterProductsViewController.swift in Sources */ = {isa = PBXBuildFile; fileRef = 506897E52820771800566000 /* UserRegisterProductsViewController.swift */; };
		506897F42820771800566000 /* UserRegisterProductsStoryboard.storyboard in Resources */ = {isa = PBXBuildFile; fileRef = 506897E62820771800566000 /* UserRegisterProductsStoryboard.storyboard */; };
		506897F52820771800566000 /* UserRegisterProductsTableView.swift in Sources */ = {isa = PBXBuildFile; fileRef = 506897E82820771800566000 /* UserRegisterProductsTableView.swift */; };
		506897F62820771800566000 /* UserRegisterProductsRouter.swift in Sources */ = {isa = PBXBuildFile; fileRef = 506897EA2820771800566000 /* UserRegisterProductsRouter.swift */; };
		506897F72820771800566000 /* UserRegisterProductsProtocol.swift in Sources */ = {isa = PBXBuildFile; fileRef = 506897EC2820771800566000 /* UserRegisterProductsProtocol.swift */; };
		506897F82820771800566000 /* UserRegisterProductsPresenter.swift in Sources */ = {isa = PBXBuildFile; fileRef = 506897EE2820771800566000 /* UserRegisterProductsPresenter.swift */; };
		506897F92820771800566000 /* UserRegisterProductsEntity.swift in Sources */ = {isa = PBXBuildFile; fileRef = 506897F02820771800566000 /* UserRegisterProductsEntity.swift */; };
		506897FA2820771800566000 /* UserRegisterProductsInteractor.swift in Sources */ = {isa = PBXBuildFile; fileRef = 506897F22820771800566000 /* UserRegisterProductsInteractor.swift */; };
		506898062820808E00566000 /* RequestManagers.swift in Sources */ = {isa = PBXBuildFile; fileRef = 506898052820808E00566000 /* RequestManagers.swift */; };
		5068980B282082F300566000 /* RegisterProductEntity.swift in Sources */ = {isa = PBXBuildFile; fileRef = 5068980A282082F300566000 /* RegisterProductEntity.swift */; };
		50793D972824284800547845 /* InternalData.swift in Sources */ = {isa = PBXBuildFile; fileRef = 50793D962824284800547845 /* InternalData.swift */; };
		50793D9C28246E5A00547845 /* MainUserRegisterTableViewCell.swift in Sources */ = {isa = PBXBuildFile; fileRef = 50793D9B28246E5A00547845 /* MainUserRegisterTableViewCell.swift */; };
		50DE38702825B6E30091E14E /* InternalDataUser.swift in Sources */ = {isa = PBXBuildFile; fileRef = 50DE386F2825B6E30091E14E /* InternalDataUser.swift */; };
		50DE38752825B9000091E14E /* ExternalDataUser.swift in Sources */ = {isa = PBXBuildFile; fileRef = 50DE38742825B9000091E14E /* ExternalDataUser.swift */; };
		50F1C7142822D48200E6B85C /* DetailProductRouter.swift in Sources */ = {isa = PBXBuildFile; fileRef = 50F1C70B2822D48200E6B85C /* DetailProductRouter.swift */; };
		50F1C7152822D48200E6B85C /* DetailProductStoryboard.storyboard in Resources */ = {isa = PBXBuildFile; fileRef = 50F1C70C2822D48200E6B85C /* DetailProductStoryboard.storyboard */; };
		50F1C7162822D48200E6B85C /* DetailProductCollectionViewController.swift in Sources */ = {isa = PBXBuildFile; fileRef = 50F1C70D2822D48200E6B85C /* DetailProductCollectionViewController.swift */; };
		50F1C7172822D48200E6B85C /* DetailProductCollectionViewCell.swift in Sources */ = {isa = PBXBuildFile; fileRef = 50F1C70E2822D48200E6B85C /* DetailProductCollectionViewCell.swift */; };
		50F1C7182822D48200E6B85C /* DetailProductProtocol.swift in Sources */ = {isa = PBXBuildFile; fileRef = 50F1C70F2822D48200E6B85C /* DetailProductProtocol.swift */; };
		50F1C7192822D48200E6B85C /* DetailProductEntity.swift in Sources */ = {isa = PBXBuildFile; fileRef = 50F1C7102822D48200E6B85C /* DetailProductEntity.swift */; };
		50F1C71A2822D48200E6B85C /* DetailProductInteractor.swift in Sources */ = {isa = PBXBuildFile; fileRef = 50F1C7112822D48200E6B85C /* DetailProductInteractor.swift */; };
		50F1C71B2822D48200E6B85C /* DetailProductPresenter.swift in Sources */ = {isa = PBXBuildFile; fileRef = 50F1C7122822D48200E6B85C /* DetailProductPresenter.swift */; };
		50F1C71C2822D48200E6B85C /* DetailProductViewController.swift in Sources */ = {isa = PBXBuildFile; fileRef = 50F1C7132822D48200E6B85C /* DetailProductViewController.swift */; };
		50F1C72E2823397700E6B85C /* MainUserRegisterViewController.swift in Sources */ = {isa = PBXBuildFile; fileRef = 50F1C72D2823397700E6B85C /* MainUserRegisterViewController.swift */; };
		50F1C7362823398600E6B85C /* MainUserRegisterStoryboard.storyboard in Resources */ = {isa = PBXBuildFile; fileRef = 50F1C7352823398600E6B85C /* MainUserRegisterStoryboard.storyboard */; };
		50F1C738282339A100E6B85C /* MainUserRegisterInteractor.swift in Sources */ = {isa = PBXBuildFile; fileRef = 50F1C737282339A100E6B85C /* MainUserRegisterInteractor.swift */; };
		50F1C740282339B200E6B85C /* MainUserRegisterPresenter.swift in Sources */ = {isa = PBXBuildFile; fileRef = 50F1C73F282339B200E6B85C /* MainUserRegisterPresenter.swift */; };
		50F1C745282339C300E6B85C /* MainUserRegisterEntity.swift in Sources */ = {isa = PBXBuildFile; fileRef = 50F1C744282339C300E6B85C /* MainUserRegisterEntity.swift */; };
		50F1C74A282339D300E6B85C /* MainUserRegisterRouter.swift in Sources */ = {isa = PBXBuildFile; fileRef = 50F1C749282339D300E6B85C /* MainUserRegisterRouter.swift */; };
		50F1C74F282339E500E6B85C /* MainUserRegisterProtocol.swift in Sources */ = {isa = PBXBuildFile; fileRef = 50F1C74E282339E500E6B85C /* MainUserRegisterProtocol.swift */; };
		50F349AF2819DEDF0065D37E /* MainAdminViewController.swift in Sources */ = {isa = PBXBuildFile; fileRef = 50F349AE2819DEDF0065D37E /* MainAdminViewController.swift */; };
		50F349B72819DEF40065D37E /* MainAdminStoryboard.storyboard in Resources */ = {isa = PBXBuildFile; fileRef = 50F349B62819DEF40065D37E /* MainAdminStoryboard.storyboard */; };
		50F349BC2819DF650065D37E /* MainAdminInteractor.swift in Sources */ = {isa = PBXBuildFile; fileRef = 50F349BB2819DF650065D37E /* MainAdminInteractor.swift */; };
		50F349C42819DF750065D37E /* MainAdminPresenter.swift in Sources */ = {isa = PBXBuildFile; fileRef = 50F349C32819DF750065D37E /* MainAdminPresenter.swift */; };
		50F349C92819DF890065D37E /* MainAdminRouter.swift in Sources */ = {isa = PBXBuildFile; fileRef = 50F349C82819DF890065D37E /* MainAdminRouter.swift */; };
		50F349CE2819DF980065D37E /* MainAdminProtocol.swift in Sources */ = {isa = PBXBuildFile; fileRef = 50F349CD2819DF980065D37E /* MainAdminProtocol.swift */; };
		50F349EA2819F3500065D37E /* MainAdminCollectionViewCell.swift in Sources */ = {isa = PBXBuildFile; fileRef = 50F349E92819F3500065D37E /* MainAdminCollectionViewCell.swift */; };
		50F349F52819F7850065D37E /* ExternalData.swift in Sources */ = {isa = PBXBuildFile; fileRef = 50F349F42819F7840065D37E /* ExternalData.swift */; };
		50F349FF2819FB810065D37E /* MainAdminEntity.swift in Sources */ = {isa = PBXBuildFile; fileRef = 50F349FE2819FB810065D37E /* MainAdminEntity.swift */; };
		50F34A04281A024E0065D37E /* RequestManager.swift in Sources */ = {isa = PBXBuildFile; fileRef = 50F34A03281A024E0065D37E /* RequestManager.swift */; };
		50FFA040281C6DF2009A0528 /* MainAdminTableViewCell.swift in Sources */ = {isa = PBXBuildFile; fileRef = 50FFA03F281C6DF2009A0528 /* MainAdminTableViewCell.swift */; };
		50FFA065281C96FA009A0528 /* PerfilUserRegisterStoryboard.storyboard in Resources */ = {isa = PBXBuildFile; fileRef = 50FFA04A281C96F9009A0528 /* PerfilUserRegisterStoryboard.storyboard */; };
		50FFA066281C96FA009A0528 /* PerfilUserRegisterViewController.swift in Sources */ = {isa = PBXBuildFile; fileRef = 50FFA04B281C96F9009A0528 /* PerfilUserRegisterViewController.swift */; };
		50FFA067281C96FA009A0528 /* PerfilUserRegisterRouter.swift in Sources */ = {isa = PBXBuildFile; fileRef = 50FFA04D281C96F9009A0528 /* PerfilUserRegisterRouter.swift */; };
		50FFA068281C96FA009A0528 /* PerfilUserRegisterPresenter.swift in Sources */ = {isa = PBXBuildFile; fileRef = 50FFA04F281C96F9009A0528 /* PerfilUserRegisterPresenter.swift */; };
		50FFA069281C96FA009A0528 /* PerfilUserRegisterEntity.swift in Sources */ = {isa = PBXBuildFile; fileRef = 50FFA051281C96F9009A0528 /* PerfilUserRegisterEntity.swift */; };
		50FFA06A281C96FA009A0528 /* PerfilUserRegisterInteractor.swift in Sources */ = {isa = PBXBuildFile; fileRef = 50FFA053281C96F9009A0528 /* PerfilUserRegisterInteractor.swift */; };
		50FFA06B281C96FA009A0528 /* PerfilUserRegisterProtocol.swift in Sources */ = {isa = PBXBuildFile; fileRef = 50FFA055281C96F9009A0528 /* PerfilUserRegisterProtocol.swift */; };
		50FFA082281C9E44009A0528 /* RegisterCategoryViewController.swift in Sources */ = {isa = PBXBuildFile; fileRef = 50FFA081281C9E44009A0528 /* RegisterCategoryViewController.swift */; };
		50FFA087281C9E5E009A0528 /* RegisterCategoryStoryboard.storyboard in Resources */ = {isa = PBXBuildFile; fileRef = 50FFA086281C9E5E009A0528 /* RegisterCategoryStoryboard.storyboard */; };
		50FFA08C281C9E73009A0528 /* RegisterCategoryInteractor.swift in Sources */ = {isa = PBXBuildFile; fileRef = 50FFA08B281C9E73009A0528 /* RegisterCategoryInteractor.swift */; };
		50FFA091281C9E99009A0528 /* RegisterCategoryPresenter.swift in Sources */ = {isa = PBXBuildFile; fileRef = 50FFA090281C9E99009A0528 /* RegisterCategoryPresenter.swift */; };
		50FFA096281C9EC4009A0528 /* RegisterCategoryEntity.swift in Sources */ = {isa = PBXBuildFile; fileRef = 50FFA095281C9EC4009A0528 /* RegisterCategoryEntity.swift */; };
		50FFA09B281C9ED4009A0528 /* RegisterCategoryRouter.swift in Sources */ = {isa = PBXBuildFile; fileRef = 50FFA09A281C9ED4009A0528 /* RegisterCategoryRouter.swift */; };
		50FFA0A0281C9EFA009A0528 /* RegisterCategoryProtocols.swift in Sources */ = {isa = PBXBuildFile; fileRef = 50FFA09F281C9EFA009A0528 /* RegisterCategoryProtocols.swift */; };
		5F97757E94CF948DD628C992 /* Pods_MiTiendita.framework in Frameworks */ = {isa = PBXBuildFile; fileRef = 896BECA8637AC48B968F16B8 /* Pods_MiTiendita.framework */; };
		A0FDC96B361E03CF83FA093F /* Pods_MiTienditaTests.framework in Frameworks */ = {isa = PBXBuildFile; fileRef = E435C321CB2EDB8EA7A40AC5 /* Pods_MiTienditaTests.framework */; };
		DA1D76EE2B05895EFBCA409A /* Pods_MiTiendita_MiTienditaUITests.framework in Frameworks */ = {isa = PBXBuildFile; fileRef = 879371D82A5D3511F56ED2F3 /* Pods_MiTiendita_MiTienditaUITests.framework */; };
/* End PBXBuildFile section */

/* Begin PBXContainerItemProxy section */
		5011ED532817626200831C83 /* PBXContainerItemProxy */ = {
			isa = PBXContainerItemProxy;
			containerPortal = 5011ED312817625D00831C83 /* Project object */;
			proxyType = 1;
			remoteGlobalIDString = 5011ED382817625D00831C83;
			remoteInfo = MiTiendita;
		};
		5011ED5E2817626200831C83 /* PBXContainerItemProxy */ = {
			isa = PBXContainerItemProxy;
			containerPortal = 5011ED312817625D00831C83 /* Project object */;
			proxyType = 1;
			remoteGlobalIDString = 5011ED382817625D00831C83;
			remoteInfo = MiTiendita;
		};
/* End PBXContainerItemProxy section */

/* Begin PBXFileReference section */
		15DC502285ECF0FA649C4CC7 /* Pods-MiTienditaTests.debug.xcconfig */ = {isa = PBXFileReference; includeInIndex = 1; lastKnownFileType = text.xcconfig; name = "Pods-MiTienditaTests.debug.xcconfig"; path = "Target Support Files/Pods-MiTienditaTests/Pods-MiTienditaTests.debug.xcconfig"; sourceTree = "<group>"; };
		1B73D9F1216576B6146CDFC5 /* Pods-MiTiendita.release.xcconfig */ = {isa = PBXFileReference; includeInIndex = 1; lastKnownFileType = text.xcconfig; name = "Pods-MiTiendita.release.xcconfig"; path = "Target Support Files/Pods-MiTiendita/Pods-MiTiendita.release.xcconfig"; sourceTree = "<group>"; };
		42A7CBF2A57C307D695F07E9 /* Pods-MiTiendita-MiTienditaUITests.debug.xcconfig */ = {isa = PBXFileReference; includeInIndex = 1; lastKnownFileType = text.xcconfig; name = "Pods-MiTiendita-MiTienditaUITests.debug.xcconfig"; path = "Target Support Files/Pods-MiTiendita-MiTienditaUITests/Pods-MiTiendita-MiTienditaUITests.debug.xcconfig"; sourceTree = "<group>"; };
		5011ED392817625D00831C83 /* MiTiendita.app */ = {isa = PBXFileReference; explicitFileType = wrapper.application; includeInIndex = 0; path = MiTiendita.app; sourceTree = BUILT_PRODUCTS_DIR; };
		5011ED3C2817625D00831C83 /* AppDelegate.swift */ = {isa = PBXFileReference; lastKnownFileType = sourcecode.swift; path = AppDelegate.swift; sourceTree = "<group>"; };
		5011ED3E2817625D00831C83 /* SceneDelegate.swift */ = {isa = PBXFileReference; lastKnownFileType = sourcecode.swift; path = SceneDelegate.swift; sourceTree = "<group>"; };
		5011ED462817625D00831C83 /* MiTiendita.xcdatamodel */ = {isa = PBXFileReference; lastKnownFileType = wrapper.xcdatamodel; path = MiTiendita.xcdatamodel; sourceTree = "<group>"; };
		5011ED482817626100831C83 /* Assets.xcassets */ = {isa = PBXFileReference; lastKnownFileType = folder.assetcatalog; path = Assets.xcassets; sourceTree = "<group>"; };
		5011ED4B2817626100831C83 /* Base */ = {isa = PBXFileReference; lastKnownFileType = file.storyboard; name = Base; path = Base.lproj/LaunchScreen.storyboard; sourceTree = "<group>"; };
		5011ED4D2817626100831C83 /* Info.plist */ = {isa = PBXFileReference; lastKnownFileType = text.plist.xml; path = Info.plist; sourceTree = "<group>"; };
		5011ED522817626200831C83 /* MiTienditaTests.xctest */ = {isa = PBXFileReference; explicitFileType = wrapper.cfbundle; includeInIndex = 0; path = MiTienditaTests.xctest; sourceTree = BUILT_PRODUCTS_DIR; };
		5011ED562817626200831C83 /* MiTienditaTests.swift */ = {isa = PBXFileReference; lastKnownFileType = sourcecode.swift; path = MiTienditaTests.swift; sourceTree = "<group>"; };
		5011ED582817626200831C83 /* Info.plist */ = {isa = PBXFileReference; lastKnownFileType = text.plist.xml; path = Info.plist; sourceTree = "<group>"; };
		5011ED5D2817626200831C83 /* MiTienditaUITests.xctest */ = {isa = PBXFileReference; explicitFileType = wrapper.cfbundle; includeInIndex = 0; path = MiTienditaUITests.xctest; sourceTree = BUILT_PRODUCTS_DIR; };
		5011ED612817626200831C83 /* MiTienditaUITests.swift */ = {isa = PBXFileReference; lastKnownFileType = sourcecode.swift; path = MiTienditaUITests.swift; sourceTree = "<group>"; };
		5011ED632817626200831C83 /* Info.plist */ = {isa = PBXFileReference; lastKnownFileType = text.plist.xml; path = Info.plist; sourceTree = "<group>"; };
		501A6FED282043EB00636F7F /* RegisterProductsViewController.swift */ = {isa = PBXFileReference; lastKnownFileType = sourcecode.swift; path = RegisterProductsViewController.swift; sourceTree = "<group>"; };
		501A6FF2282043FB00636F7F /* RegisterProductsStoryboard.storyboard */ = {isa = PBXFileReference; lastKnownFileType = file.storyboard; path = RegisterProductsStoryboard.storyboard; sourceTree = "<group>"; };
		501A6FF72820440C00636F7F /* RegisterProductsInteractor.swift */ = {isa = PBXFileReference; lastKnownFileType = sourcecode.swift; path = RegisterProductsInteractor.swift; sourceTree = "<group>"; };
		501A6FFC2820441700636F7F /* RegisterProductsPresenter.swift */ = {isa = PBXFileReference; lastKnownFileType = sourcecode.swift; path = RegisterProductsPresenter.swift; sourceTree = "<group>"; };
		501A70012820442900636F7F /* RegisterProductsRouter.swift */ = {isa = PBXFileReference; lastKnownFileType = sourcecode.swift; path = RegisterProductsRouter.swift; sourceTree = "<group>"; };
		501A70062820443400636F7F /* RegisterProductsProtocol.swift */ = {isa = PBXFileReference; lastKnownFileType = sourcecode.swift; path = RegisterProductsProtocol.swift; sourceTree = "<group>"; };
		50577BC728183FDE00EEC7B7 /* IndexViewController.swift */ = {isa = PBXFileReference; lastKnownFileType = sourcecode.swift; path = IndexViewController.swift; sourceTree = "<group>"; };
		50577BCC28183FED00EEC7B7 /* IndexStoryboard.storyboard */ = {isa = PBXFileReference; lastKnownFileType = file.storyboard; path = IndexStoryboard.storyboard; sourceTree = "<group>"; };
		50577BD12818400000EEC7B7 /* IndexProtocol.swift */ = {isa = PBXFileReference; lastKnownFileType = sourcecode.swift; path = IndexProtocol.swift; sourceTree = "<group>"; };
		50577BD62818400B00EEC7B7 /* IndexRouter.swift */ = {isa = PBXFileReference; lastKnownFileType = sourcecode.swift; path = IndexRouter.swift; sourceTree = "<group>"; };
		50577BDB2818401A00EEC7B7 /* IndexEntity.swift */ = {isa = PBXFileReference; lastKnownFileType = sourcecode.swift; path = IndexEntity.swift; sourceTree = "<group>"; };
		50577BE02818402700EEC7B7 /* IndexPresenter.swift */ = {isa = PBXFileReference; lastKnownFileType = sourcecode.swift; path = IndexPresenter.swift; sourceTree = "<group>"; };
		50577BE52818403600EEC7B7 /* IndexInteractor.swift */ = {isa = PBXFileReference; lastKnownFileType = sourcecode.swift; path = IndexInteractor.swift; sourceTree = "<group>"; };
		50577C3428186DDC00EEC7B7 /* UserEntity.swift */ = {isa = PBXFileReference; fileEncoding = 4; lastKnownFileType = sourcecode.swift; path = UserEntity.swift; sourceTree = "<group>"; };
		50577C3628186DDC00EEC7B7 /* UserPresenter.swift */ = {isa = PBXFileReference; fileEncoding = 4; lastKnownFileType = sourcecode.swift; path = UserPresenter.swift; sourceTree = "<group>"; };
		50577C3828186DDC00EEC7B7 /* UserStoryboard.storyboard */ = {isa = PBXFileReference; fileEncoding = 4; lastKnownFileType = file.storyboard; path = UserStoryboard.storyboard; sourceTree = "<group>"; };
		50577C3928186DDC00EEC7B7 /* UserViewController.swift */ = {isa = PBXFileReference; fileEncoding = 4; lastKnownFileType = sourcecode.swift; path = UserViewController.swift; sourceTree = "<group>"; };
		50577C3B28186DDC00EEC7B7 /* UserInteractor.swift */ = {isa = PBXFileReference; fileEncoding = 4; lastKnownFileType = sourcecode.swift; path = UserInteractor.swift; sourceTree = "<group>"; };
		50577C3D28186DDC00EEC7B7 /* UserProtocol.swift */ = {isa = PBXFileReference; fileEncoding = 4; lastKnownFileType = sourcecode.swift; path = UserProtocol.swift; sourceTree = "<group>"; };
		50577C3F28186DDC00EEC7B7 /* UserRouter.swift */ = {isa = PBXFileReference; fileEncoding = 4; lastKnownFileType = sourcecode.swift; path = UserRouter.swift; sourceTree = "<group>"; };
		506897E52820771800566000 /* UserRegisterProductsViewController.swift */ = {isa = PBXFileReference; fileEncoding = 4; lastKnownFileType = sourcecode.swift; path = UserRegisterProductsViewController.swift; sourceTree = "<group>"; };
		506897E62820771800566000 /* UserRegisterProductsStoryboard.storyboard */ = {isa = PBXFileReference; fileEncoding = 4; lastKnownFileType = file.storyboard; path = UserRegisterProductsStoryboard.storyboard; sourceTree = "<group>"; };
		506897E82820771800566000 /* UserRegisterProductsTableView.swift */ = {isa = PBXFileReference; fileEncoding = 4; lastKnownFileType = sourcecode.swift; path = UserRegisterProductsTableView.swift; sourceTree = "<group>"; };
		506897EA2820771800566000 /* UserRegisterProductsRouter.swift */ = {isa = PBXFileReference; fileEncoding = 4; lastKnownFileType = sourcecode.swift; path = UserRegisterProductsRouter.swift; sourceTree = "<group>"; };
		506897EC2820771800566000 /* UserRegisterProductsProtocol.swift */ = {isa = PBXFileReference; fileEncoding = 4; lastKnownFileType = sourcecode.swift; path = UserRegisterProductsProtocol.swift; sourceTree = "<group>"; };
		506897EE2820771800566000 /* UserRegisterProductsPresenter.swift */ = {isa = PBXFileReference; fileEncoding = 4; lastKnownFileType = sourcecode.swift; path = UserRegisterProductsPresenter.swift; sourceTree = "<group>"; };
		506897F02820771800566000 /* UserRegisterProductsEntity.swift */ = {isa = PBXFileReference; fileEncoding = 4; lastKnownFileType = sourcecode.swift; path = UserRegisterProductsEntity.swift; sourceTree = "<group>"; };
		506897F22820771800566000 /* UserRegisterProductsInteractor.swift */ = {isa = PBXFileReference; fileEncoding = 4; lastKnownFileType = sourcecode.swift; path = UserRegisterProductsInteractor.swift; sourceTree = "<group>"; };
		506898052820808E00566000 /* RequestManagers.swift */ = {isa = PBXFileReference; lastKnownFileType = sourcecode.swift; path = RequestManagers.swift; sourceTree = "<group>"; };
		5068980A282082F300566000 /* RegisterProductEntity.swift */ = {isa = PBXFileReference; lastKnownFileType = sourcecode.swift; path = RegisterProductEntity.swift; sourceTree = "<group>"; };
		50793D962824284800547845 /* InternalData.swift */ = {isa = PBXFileReference; lastKnownFileType = sourcecode.swift; path = InternalData.swift; sourceTree = "<group>"; };
		50793D9B28246E5A00547845 /* MainUserRegisterTableViewCell.swift */ = {isa = PBXFileReference; lastKnownFileType = sourcecode.swift; path = MainUserRegisterTableViewCell.swift; sourceTree = "<group>"; };
		50DE386F2825B6E30091E14E /* InternalDataUser.swift */ = {isa = PBXFileReference; lastKnownFileType = sourcecode.swift; path = InternalDataUser.swift; sourceTree = "<group>"; };
		50DE38742825B9000091E14E /* ExternalDataUser.swift */ = {isa = PBXFileReference; lastKnownFileType = sourcecode.swift; path = ExternalDataUser.swift; sourceTree = "<group>"; };
		50F1C70B2822D48200E6B85C /* DetailProductRouter.swift */ = {isa = PBXFileReference; fileEncoding = 4; lastKnownFileType = sourcecode.swift; path = DetailProductRouter.swift; sourceTree = "<group>"; };
		50F1C70C2822D48200E6B85C /* DetailProductStoryboard.storyboard */ = {isa = PBXFileReference; fileEncoding = 4; lastKnownFileType = file.storyboard; path = DetailProductStoryboard.storyboard; sourceTree = "<group>"; };
		50F1C70D2822D48200E6B85C /* DetailProductCollectionViewController.swift */ = {isa = PBXFileReference; fileEncoding = 4; lastKnownFileType = sourcecode.swift; path = DetailProductCollectionViewController.swift; sourceTree = "<group>"; };
		50F1C70E2822D48200E6B85C /* DetailProductCollectionViewCell.swift */ = {isa = PBXFileReference; fileEncoding = 4; lastKnownFileType = sourcecode.swift; path = DetailProductCollectionViewCell.swift; sourceTree = "<group>"; };
		50F1C70F2822D48200E6B85C /* DetailProductProtocol.swift */ = {isa = PBXFileReference; fileEncoding = 4; lastKnownFileType = sourcecode.swift; path = DetailProductProtocol.swift; sourceTree = "<group>"; };
		50F1C7102822D48200E6B85C /* DetailProductEntity.swift */ = {isa = PBXFileReference; fileEncoding = 4; lastKnownFileType = sourcecode.swift; path = DetailProductEntity.swift; sourceTree = "<group>"; };
		50F1C7112822D48200E6B85C /* DetailProductInteractor.swift */ = {isa = PBXFileReference; fileEncoding = 4; lastKnownFileType = sourcecode.swift; path = DetailProductInteractor.swift; sourceTree = "<group>"; };
		50F1C7122822D48200E6B85C /* DetailProductPresenter.swift */ = {isa = PBXFileReference; fileEncoding = 4; lastKnownFileType = sourcecode.swift; path = DetailProductPresenter.swift; sourceTree = "<group>"; };
		50F1C7132822D48200E6B85C /* DetailProductViewController.swift */ = {isa = PBXFileReference; fileEncoding = 4; lastKnownFileType = sourcecode.swift; path = DetailProductViewController.swift; sourceTree = "<group>"; };
		50F1C72D2823397700E6B85C /* MainUserRegisterViewController.swift */ = {isa = PBXFileReference; lastKnownFileType = sourcecode.swift; path = MainUserRegisterViewController.swift; sourceTree = "<group>"; };
		50F1C7352823398600E6B85C /* MainUserRegisterStoryboard.storyboard */ = {isa = PBXFileReference; lastKnownFileType = file.storyboard; path = MainUserRegisterStoryboard.storyboard; sourceTree = "<group>"; };
		50F1C737282339A100E6B85C /* MainUserRegisterInteractor.swift */ = {isa = PBXFileReference; lastKnownFileType = sourcecode.swift; path = MainUserRegisterInteractor.swift; sourceTree = "<group>"; };
		50F1C73F282339B200E6B85C /* MainUserRegisterPresenter.swift */ = {isa = PBXFileReference; lastKnownFileType = sourcecode.swift; path = MainUserRegisterPresenter.swift; sourceTree = "<group>"; };
		50F1C744282339C300E6B85C /* MainUserRegisterEntity.swift */ = {isa = PBXFileReference; lastKnownFileType = sourcecode.swift; path = MainUserRegisterEntity.swift; sourceTree = "<group>"; };
		50F1C749282339D300E6B85C /* MainUserRegisterRouter.swift */ = {isa = PBXFileReference; lastKnownFileType = sourcecode.swift; path = MainUserRegisterRouter.swift; sourceTree = "<group>"; };
		50F1C74E282339E500E6B85C /* MainUserRegisterProtocol.swift */ = {isa = PBXFileReference; lastKnownFileType = sourcecode.swift; path = MainUserRegisterProtocol.swift; sourceTree = "<group>"; };
		50F349AE2819DEDF0065D37E /* MainAdminViewController.swift */ = {isa = PBXFileReference; lastKnownFileType = sourcecode.swift; path = MainAdminViewController.swift; sourceTree = "<group>"; };
		50F349B62819DEF40065D37E /* MainAdminStoryboard.storyboard */ = {isa = PBXFileReference; lastKnownFileType = file.storyboard; path = MainAdminStoryboard.storyboard; sourceTree = "<group>"; };
		50F349BB2819DF650065D37E /* MainAdminInteractor.swift */ = {isa = PBXFileReference; lastKnownFileType = sourcecode.swift; path = MainAdminInteractor.swift; sourceTree = "<group>"; };
		50F349C32819DF750065D37E /* MainAdminPresenter.swift */ = {isa = PBXFileReference; lastKnownFileType = sourcecode.swift; path = MainAdminPresenter.swift; sourceTree = "<group>"; };
		50F349C82819DF890065D37E /* MainAdminRouter.swift */ = {isa = PBXFileReference; lastKnownFileType = sourcecode.swift; path = MainAdminRouter.swift; sourceTree = "<group>"; };
		50F349CD2819DF980065D37E /* MainAdminProtocol.swift */ = {isa = PBXFileReference; lastKnownFileType = sourcecode.swift; path = MainAdminProtocol.swift; sourceTree = "<group>"; };
		50F349E92819F3500065D37E /* MainAdminCollectionViewCell.swift */ = {isa = PBXFileReference; lastKnownFileType = sourcecode.swift; path = MainAdminCollectionViewCell.swift; sourceTree = "<group>"; };
		50F349F42819F7840065D37E /* ExternalData.swift */ = {isa = PBXFileReference; lastKnownFileType = sourcecode.swift; path = ExternalData.swift; sourceTree = "<group>"; };
		50F349FE2819FB810065D37E /* MainAdminEntity.swift */ = {isa = PBXFileReference; lastKnownFileType = sourcecode.swift; path = MainAdminEntity.swift; sourceTree = "<group>"; };
		50F34A03281A024E0065D37E /* RequestManager.swift */ = {isa = PBXFileReference; lastKnownFileType = sourcecode.swift; path = RequestManager.swift; sourceTree = "<group>"; };
		50FFA03F281C6DF2009A0528 /* MainAdminTableViewCell.swift */ = {isa = PBXFileReference; lastKnownFileType = sourcecode.swift; path = MainAdminTableViewCell.swift; sourceTree = "<group>"; };
		50FFA04A281C96F9009A0528 /* PerfilUserRegisterStoryboard.storyboard */ = {isa = PBXFileReference; fileEncoding = 4; lastKnownFileType = file.storyboard; path = PerfilUserRegisterStoryboard.storyboard; sourceTree = "<group>"; };
		50FFA04B281C96F9009A0528 /* PerfilUserRegisterViewController.swift */ = {isa = PBXFileReference; fileEncoding = 4; lastKnownFileType = sourcecode.swift; path = PerfilUserRegisterViewController.swift; sourceTree = "<group>"; };
		50FFA04D281C96F9009A0528 /* PerfilUserRegisterRouter.swift */ = {isa = PBXFileReference; fileEncoding = 4; lastKnownFileType = sourcecode.swift; path = PerfilUserRegisterRouter.swift; sourceTree = "<group>"; };
		50FFA04F281C96F9009A0528 /* PerfilUserRegisterPresenter.swift */ = {isa = PBXFileReference; fileEncoding = 4; lastKnownFileType = sourcecode.swift; path = PerfilUserRegisterPresenter.swift; sourceTree = "<group>"; };
		50FFA051281C96F9009A0528 /* PerfilUserRegisterEntity.swift */ = {isa = PBXFileReference; fileEncoding = 4; lastKnownFileType = sourcecode.swift; path = PerfilUserRegisterEntity.swift; sourceTree = "<group>"; };
		50FFA053281C96F9009A0528 /* PerfilUserRegisterInteractor.swift */ = {isa = PBXFileReference; fileEncoding = 4; lastKnownFileType = sourcecode.swift; path = PerfilUserRegisterInteractor.swift; sourceTree = "<group>"; };
		50FFA055281C96F9009A0528 /* PerfilUserRegisterProtocol.swift */ = {isa = PBXFileReference; fileEncoding = 4; lastKnownFileType = sourcecode.swift; path = PerfilUserRegisterProtocol.swift; sourceTree = "<group>"; };
		50FFA081281C9E44009A0528 /* RegisterCategoryViewController.swift */ = {isa = PBXFileReference; lastKnownFileType = sourcecode.swift; path = RegisterCategoryViewController.swift; sourceTree = "<group>"; };
		50FFA086281C9E5E009A0528 /* RegisterCategoryStoryboard.storyboard */ = {isa = PBXFileReference; lastKnownFileType = file.storyboard; path = RegisterCategoryStoryboard.storyboard; sourceTree = "<group>"; };
		50FFA08B281C9E73009A0528 /* RegisterCategoryInteractor.swift */ = {isa = PBXFileReference; lastKnownFileType = sourcecode.swift; path = RegisterCategoryInteractor.swift; sourceTree = "<group>"; };
		50FFA090281C9E99009A0528 /* RegisterCategoryPresenter.swift */ = {isa = PBXFileReference; lastKnownFileType = sourcecode.swift; path = RegisterCategoryPresenter.swift; sourceTree = "<group>"; };
		50FFA095281C9EC4009A0528 /* RegisterCategoryEntity.swift */ = {isa = PBXFileReference; lastKnownFileType = sourcecode.swift; path = RegisterCategoryEntity.swift; sourceTree = "<group>"; };
		50FFA09A281C9ED4009A0528 /* RegisterCategoryRouter.swift */ = {isa = PBXFileReference; lastKnownFileType = sourcecode.swift; path = RegisterCategoryRouter.swift; sourceTree = "<group>"; };
		50FFA09F281C9EFA009A0528 /* RegisterCategoryProtocols.swift */ = {isa = PBXFileReference; lastKnownFileType = sourcecode.swift; path = RegisterCategoryProtocols.swift; sourceTree = "<group>"; };
		70E883DE066DBA78A3332F48 /* Pods-MiTienditaTests.release.xcconfig */ = {isa = PBXFileReference; includeInIndex = 1; lastKnownFileType = text.xcconfig; name = "Pods-MiTienditaTests.release.xcconfig"; path = "Target Support Files/Pods-MiTienditaTests/Pods-MiTienditaTests.release.xcconfig"; sourceTree = "<group>"; };
		879371D82A5D3511F56ED2F3 /* Pods_MiTiendita_MiTienditaUITests.framework */ = {isa = PBXFileReference; explicitFileType = wrapper.framework; includeInIndex = 0; path = Pods_MiTiendita_MiTienditaUITests.framework; sourceTree = BUILT_PRODUCTS_DIR; };
		896BECA8637AC48B968F16B8 /* Pods_MiTiendita.framework */ = {isa = PBXFileReference; explicitFileType = wrapper.framework; includeInIndex = 0; path = Pods_MiTiendita.framework; sourceTree = BUILT_PRODUCTS_DIR; };
		BFCD2829391DADAC97814985 /* Pods-MiTiendita-MiTienditaUITests.release.xcconfig */ = {isa = PBXFileReference; includeInIndex = 1; lastKnownFileType = text.xcconfig; name = "Pods-MiTiendita-MiTienditaUITests.release.xcconfig"; path = "Target Support Files/Pods-MiTiendita-MiTienditaUITests/Pods-MiTiendita-MiTienditaUITests.release.xcconfig"; sourceTree = "<group>"; };
		DBF52DD215CAA431BF59B4A0 /* Pods-MiTiendita.debug.xcconfig */ = {isa = PBXFileReference; includeInIndex = 1; lastKnownFileType = text.xcconfig; name = "Pods-MiTiendita.debug.xcconfig"; path = "Target Support Files/Pods-MiTiendita/Pods-MiTiendita.debug.xcconfig"; sourceTree = "<group>"; };
		E435C321CB2EDB8EA7A40AC5 /* Pods_MiTienditaTests.framework */ = {isa = PBXFileReference; explicitFileType = wrapper.framework; includeInIndex = 0; path = Pods_MiTienditaTests.framework; sourceTree = BUILT_PRODUCTS_DIR; };
/* End PBXFileReference section */

/* Begin PBXFrameworksBuildPhase section */
		5011ED362817625D00831C83 /* Frameworks */ = {
			isa = PBXFrameworksBuildPhase;
			buildActionMask = 2147483647;
			files = (
				5F97757E94CF948DD628C992 /* Pods_MiTiendita.framework in Frameworks */,
			);
			runOnlyForDeploymentPostprocessing = 0;
		};
		5011ED4F2817626200831C83 /* Frameworks */ = {
			isa = PBXFrameworksBuildPhase;
			buildActionMask = 2147483647;
			files = (
				A0FDC96B361E03CF83FA093F /* Pods_MiTienditaTests.framework in Frameworks */,
			);
			runOnlyForDeploymentPostprocessing = 0;
		};
		5011ED5A2817626200831C83 /* Frameworks */ = {
			isa = PBXFrameworksBuildPhase;
			buildActionMask = 2147483647;
			files = (
				DA1D76EE2B05895EFBCA409A /* Pods_MiTiendita_MiTienditaUITests.framework in Frameworks */,
			);
			runOnlyForDeploymentPostprocessing = 0;
		};
/* End PBXFrameworksBuildPhase section */

/* Begin PBXGroup section */
		5011ED302817625D00831C83 = {
			isa = PBXGroup;
			children = (
				5011ED3B2817625D00831C83 /* MiTiendita */,
				5011ED552817626200831C83 /* MiTienditaTests */,
				5011ED602817626200831C83 /* MiTienditaUITests */,
				5011ED3A2817625D00831C83 /* Products */,
				66D810E31E9F110693538236 /* Pods */,
				65B30538EF5EA10E4B3B2590 /* Frameworks */,
			);
			sourceTree = "<group>";
		};
		5011ED3A2817625D00831C83 /* Products */ = {
			isa = PBXGroup;
			children = (
				5011ED392817625D00831C83 /* MiTiendita.app */,
				5011ED522817626200831C83 /* MiTienditaTests.xctest */,
				5011ED5D2817626200831C83 /* MiTienditaUITests.xctest */,
			);
			name = Products;
			sourceTree = "<group>";
		};
		5011ED3B2817625D00831C83 /* MiTiendita */ = {
			isa = PBXGroup;
			children = (
				50FFA047281C96F9009A0528 /* UserModulRegister */,
				50F349A62819DE6D0065D37E /* UserAdmin */,
				50577C3228186DDC00EEC7B7 /* UserRegister */,
				50577BC028183D9300EEC7B7 /* Index */,
				5011ED3C2817625D00831C83 /* AppDelegate.swift */,
				5011ED3E2817625D00831C83 /* SceneDelegate.swift */,
				5011ED482817626100831C83 /* Assets.xcassets */,
				5011ED4A2817626100831C83 /* LaunchScreen.storyboard */,
				5011ED4D2817626100831C83 /* Info.plist */,
				5011ED452817625D00831C83 /* MiTiendita.xcdatamodeld */,
				50F349F42819F7840065D37E /* ExternalData.swift */,
				50F34A03281A024E0065D37E /* RequestManager.swift */,
				506898052820808E00566000 /* RequestManagers.swift */,
				50793D962824284800547845 /* InternalData.swift */,
			);
			path = MiTiendita;
			sourceTree = "<group>";
		};
		5011ED552817626200831C83 /* MiTienditaTests */ = {
			isa = PBXGroup;
			children = (
				5011ED562817626200831C83 /* MiTienditaTests.swift */,
				5011ED582817626200831C83 /* Info.plist */,
			);
			path = MiTienditaTests;
			sourceTree = "<group>";
		};
		5011ED602817626200831C83 /* MiTienditaUITests */ = {
			isa = PBXGroup;
			children = (
				5011ED612817626200831C83 /* MiTienditaUITests.swift */,
				5011ED632817626200831C83 /* Info.plist */,
			);
			path = MiTienditaUITests;
			sourceTree = "<group>";
		};
		501A6FE72820439400636F7F /* RegisterProductsProtocol */ = {
			isa = PBXGroup;
			children = (
				501A70062820443400636F7F /* RegisterProductsProtocol.swift */,
			);
			path = RegisterProductsProtocol;
			sourceTree = "<group>";
		};
		501A6FE8282043A900636F7F /* RegisterProductsRouter */ = {
			isa = PBXGroup;
			children = (
				501A70012820442900636F7F /* RegisterProductsRouter.swift */,
			);
			path = RegisterProductsRouter;
			sourceTree = "<group>";
		};
		501A6FE9282043B400636F7F /* RegisterProductsEntity */ = {
			isa = PBXGroup;
			children = (
				5068980A282082F300566000 /* RegisterProductEntity.swift */,
			);
			path = RegisterProductsEntity;
			sourceTree = "<group>";
		};
		501A6FEA282043BD00636F7F /* RegisterProductsPresenter */ = {
			isa = PBXGroup;
			children = (
				501A6FFC2820441700636F7F /* RegisterProductsPresenter.swift */,
			);
			path = RegisterProductsPresenter;
			sourceTree = "<group>";
		};
		501A6FEB282043C500636F7F /* RegisterProductsInteractor */ = {
			isa = PBXGroup;
			children = (
				501A6FF72820440C00636F7F /* RegisterProductsInteractor.swift */,
			);
			path = RegisterProductsInteractor;
			sourceTree = "<group>";
		};
		501A6FEC282043CD00636F7F /* RegisterProductsView */ = {
			isa = PBXGroup;
			children = (
				501A6FED282043EB00636F7F /* RegisterProductsViewController.swift */,
				501A6FF2282043FB00636F7F /* RegisterProductsStoryboard.storyboard */,
			);
			path = RegisterProductsView;
			sourceTree = "<group>";
		};
		50577BC028183D9300EEC7B7 /* Index */ = {
			isa = PBXGroup;
			children = (
				50577BC628183DEE00EEC7B7 /* IndexView */,
				50577BC528183DE400EEC7B7 /* IndexInteractor */,
				50577BC428183DD000EEC7B7 /* IndexPresenter */,
				50577BC328183DC100EEC7B7 /* IndexEntity */,
				50577BC228183DB500EEC7B7 /* IndexRouter */,
				50577BC128183DA000EEC7B7 /* IndexProtocol */,
				50DE38742825B9000091E14E /* ExternalDataUser.swift */,
			);
			path = Index;
			sourceTree = "<group>";
		};
		50577BC128183DA000EEC7B7 /* IndexProtocol */ = {
			isa = PBXGroup;
			children = (
				50577BD12818400000EEC7B7 /* IndexProtocol.swift */,
			);
			path = IndexProtocol;
			sourceTree = "<group>";
		};
		50577BC228183DB500EEC7B7 /* IndexRouter */ = {
			isa = PBXGroup;
			children = (
				50577BD62818400B00EEC7B7 /* IndexRouter.swift */,
			);
			path = IndexRouter;
			sourceTree = "<group>";
		};
		50577BC328183DC100EEC7B7 /* IndexEntity */ = {
			isa = PBXGroup;
			children = (
				50577BDB2818401A00EEC7B7 /* IndexEntity.swift */,
			);
			path = IndexEntity;
			sourceTree = "<group>";
		};
		50577BC428183DD000EEC7B7 /* IndexPresenter */ = {
			isa = PBXGroup;
			children = (
				50577BE02818402700EEC7B7 /* IndexPresenter.swift */,
			);
			path = IndexPresenter;
			sourceTree = "<group>";
		};
		50577BC528183DE400EEC7B7 /* IndexInteractor */ = {
			isa = PBXGroup;
			children = (
				50577BE52818403600EEC7B7 /* IndexInteractor.swift */,
			);
			path = IndexInteractor;
			sourceTree = "<group>";
		};
		50577BC628183DEE00EEC7B7 /* IndexView */ = {
			isa = PBXGroup;
			children = (
				50577BC728183FDE00EEC7B7 /* IndexViewController.swift */,
				50577BCC28183FED00EEC7B7 /* IndexStoryboard.storyboard */,
			);
			path = IndexView;
			sourceTree = "<group>";
		};
		50577C3228186DDC00EEC7B7 /* UserRegister */ = {
			isa = PBXGroup;
			children = (
				50577C3328186DDC00EEC7B7 /* UserEntity */,
				50577C3528186DDC00EEC7B7 /* UserPresenter */,
				50577C3728186DDC00EEC7B7 /* UserView */,
				50577C3A28186DDC00EEC7B7 /* UserInteractor */,
				50577C3C28186DDC00EEC7B7 /* UserProtocol */,
				50577C3E28186DDC00EEC7B7 /* UserRouter */,
			);
			path = UserRegister;
			sourceTree = "<group>";
		};
		50577C3328186DDC00EEC7B7 /* UserEntity */ = {
			isa = PBXGroup;
			children = (
				50577C3428186DDC00EEC7B7 /* UserEntity.swift */,
			);
			path = UserEntity;
			sourceTree = "<group>";
		};
		50577C3528186DDC00EEC7B7 /* UserPresenter */ = {
			isa = PBXGroup;
			children = (
				50577C3628186DDC00EEC7B7 /* UserPresenter.swift */,
			);
			path = UserPresenter;
			sourceTree = "<group>";
		};
		50577C3728186DDC00EEC7B7 /* UserView */ = {
			isa = PBXGroup;
			children = (
				50577C3928186DDC00EEC7B7 /* UserViewController.swift */,
				50577C3828186DDC00EEC7B7 /* UserStoryboard.storyboard */,
			);
			path = UserView;
			sourceTree = "<group>";
		};
		50577C3A28186DDC00EEC7B7 /* UserInteractor */ = {
			isa = PBXGroup;
			children = (
				50577C3B28186DDC00EEC7B7 /* UserInteractor.swift */,
			);
			path = UserInteractor;
			sourceTree = "<group>";
		};
		50577C3C28186DDC00EEC7B7 /* UserProtocol */ = {
			isa = PBXGroup;
			children = (
				50577C3D28186DDC00EEC7B7 /* UserProtocol.swift */,
			);
			path = UserProtocol;
			sourceTree = "<group>";
		};
		50577C3E28186DDC00EEC7B7 /* UserRouter */ = {
			isa = PBXGroup;
			children = (
				50577C3F28186DDC00EEC7B7 /* UserRouter.swift */,
			);
			path = UserRouter;
			sourceTree = "<group>";
		};
		506897E32820771800566000 /* UserRegisterProducts */ = {
			isa = PBXGroup;
			children = (
				506897E42820771800566000 /* UserRegisterProductsView */,
				506897E92820771800566000 /* UserRegisterProductsRouter */,
				506897EB2820771800566000 /* UserRegisterProductsProtocol */,
				506897ED2820771800566000 /* UserRegisterProductsPresenter */,
				506897EF2820771800566000 /* UserRegisterProductsEntity */,
				506897F12820771800566000 /* UserRegisterProductsInteractor */,
			);
			path = UserRegisterProducts;
			sourceTree = "<group>";
		};
		506897E42820771800566000 /* UserRegisterProductsView */ = {
			isa = PBXGroup;
			children = (
				506897E52820771800566000 /* UserRegisterProductsViewController.swift */,
				506897E62820771800566000 /* UserRegisterProductsStoryboard.storyboard */,
				506897E72820771800566000 /* UserRegisterProductsTableView */,
			);
			path = UserRegisterProductsView;
			sourceTree = "<group>";
		};
		506897E72820771800566000 /* UserRegisterProductsTableView */ = {
			isa = PBXGroup;
			children = (
				506897E82820771800566000 /* UserRegisterProductsTableView.swift */,
			);
			path = UserRegisterProductsTableView;
			sourceTree = "<group>";
		};
		506897E92820771800566000 /* UserRegisterProductsRouter */ = {
			isa = PBXGroup;
			children = (
				506897EA2820771800566000 /* UserRegisterProductsRouter.swift */,
			);
			path = UserRegisterProductsRouter;
			sourceTree = "<group>";
		};
		506897EB2820771800566000 /* UserRegisterProductsProtocol */ = {
			isa = PBXGroup;
			children = (
				506897EC2820771800566000 /* UserRegisterProductsProtocol.swift */,
			);
			path = UserRegisterProductsProtocol;
			sourceTree = "<group>";
		};
		506897ED2820771800566000 /* UserRegisterProductsPresenter */ = {
			isa = PBXGroup;
			children = (
				506897EE2820771800566000 /* UserRegisterProductsPresenter.swift */,
			);
			path = UserRegisterProductsPresenter;
			sourceTree = "<group>";
		};
		506897EF2820771800566000 /* UserRegisterProductsEntity */ = {
			isa = PBXGroup;
			children = (
				506897F02820771800566000 /* UserRegisterProductsEntity.swift */,
			);
			path = UserRegisterProductsEntity;
			sourceTree = "<group>";
		};
		506897F12820771800566000 /* UserRegisterProductsInteractor */ = {
			isa = PBXGroup;
			children = (
				506897F22820771800566000 /* UserRegisterProductsInteractor.swift */,
			);
			path = UserRegisterProductsInteractor;
			sourceTree = "<group>";
		};
		50793DA0282472D800547845 /* DetailProductViewProtocol */ = {
			isa = PBXGroup;
			children = (
				50F1C70F2822D48200E6B85C /* DetailProductProtocol.swift */,
			);
			path = DetailProductViewProtocol;
			sourceTree = "<group>";
		};
		50793DA1282472E700547845 /* DetailProductViewRouter */ = {
			isa = PBXGroup;
			children = (
				50F1C70B2822D48200E6B85C /* DetailProductRouter.swift */,
			);
			path = DetailProductViewRouter;
			sourceTree = "<group>";
		};
		50793DA2282472EF00547845 /* DetailProductViewEntity */ = {
			isa = PBXGroup;
			children = (
				50F1C7102822D48200E6B85C /* DetailProductEntity.swift */,
			);
			path = DetailProductViewEntity;
			sourceTree = "<group>";
		};
		50793DA3282472F600547845 /* DetailProductViewPresenter */ = {
			isa = PBXGroup;
			children = (
				50F1C7122822D48200E6B85C /* DetailProductPresenter.swift */,
			);
			path = DetailProductViewPresenter;
			sourceTree = "<group>";
		};
		50793DA42824730100547845 /* DetailProductViewInteractor */ = {
			isa = PBXGroup;
			children = (
				50F1C7112822D48200E6B85C /* DetailProductInteractor.swift */,
			);
			path = DetailProductViewInteractor;
			sourceTree = "<group>";
		};
		50793DA52824730900547845 /* DetailProductView */ = {
			isa = PBXGroup;
			children = (
				50F1C70E2822D48200E6B85C /* DetailProductCollectionViewCell.swift */,
				50F1C70C2822D48200E6B85C /* DetailProductStoryboard.storyboard */,
				50F1C70D2822D48200E6B85C /* DetailProductCollectionViewController.swift */,
				50F1C7132822D48200E6B85C /* DetailProductViewController.swift */,
			);
			path = DetailProductView;
			sourceTree = "<group>";
		};
		50F1C70A2822D48200E6B85C /* DetailProduct */ = {
			isa = PBXGroup;
			children = (
				50793DA52824730900547845 /* DetailProductView */,
				50793DA42824730100547845 /* DetailProductViewInteractor */,
				50793DA3282472F600547845 /* DetailProductViewPresenter */,
				50793DA2282472EF00547845 /* DetailProductViewEntity */,
				50793DA1282472E700547845 /* DetailProductViewRouter */,
				50793DA0282472D800547845 /* DetailProductViewProtocol */,
			);
			path = DetailProduct;
			sourceTree = "<group>";
		};
		50F1C727282338FB00E6B85C /* MainUserRegisterProtocol */ = {
			isa = PBXGroup;
			children = (
				50F1C74E282339E500E6B85C /* MainUserRegisterProtocol.swift */,
			);
			path = MainUserRegisterProtocol;
			sourceTree = "<group>";
		};
		50F1C7282823391600E6B85C /* MainUserRegisterRouter */ = {
			isa = PBXGroup;
			children = (
				50F1C749282339D300E6B85C /* MainUserRegisterRouter.swift */,
			);
			path = MainUserRegisterRouter;
			sourceTree = "<group>";
		};
		50F1C7292823392100E6B85C /* MainUserRegisterEntity */ = {
			isa = PBXGroup;
			children = (
				50F1C744282339C300E6B85C /* MainUserRegisterEntity.swift */,
			);
			path = MainUserRegisterEntity;
			sourceTree = "<group>";
		};
		50F1C72A2823392D00E6B85C /* MainUserRegisterPresenter */ = {
			isa = PBXGroup;
			children = (
				50F1C73F282339B200E6B85C /* MainUserRegisterPresenter.swift */,
			);
			path = MainUserRegisterPresenter;
			sourceTree = "<group>";
		};
		50F1C72B2823393600E6B85C /* MainUserRegisterInteractor */ = {
			isa = PBXGroup;
			children = (
				50F1C737282339A100E6B85C /* MainUserRegisterInteractor.swift */,
			);
			path = MainUserRegisterInteractor;
			sourceTree = "<group>";
		};
		50F1C72C2823394300E6B85C /* MainUserRegisterView */ = {
			isa = PBXGroup;
			children = (
				50F1C72D2823397700E6B85C /* MainUserRegisterViewController.swift */,
				50F1C7352823398600E6B85C /* MainUserRegisterStoryboard.storyboard */,
				50793D9B28246E5A00547845 /* MainUserRegisterTableViewCell.swift */,
			);
			path = MainUserRegisterView;
			sourceTree = "<group>";
		};
		50F349A62819DE6D0065D37E /* UserAdmin */ = {
			isa = PBXGroup;
			children = (
				50FFA07A281C9DAA009A0528 /* RegisterProducts */,
				50FFA079281C9D1C009A0528 /* RegisterCategory */,
				50F349A72819DE7F0065D37E /* MainAdmin */,
			);
			path = UserAdmin;
			sourceTree = "<group>";
		};
		50F349A72819DE7F0065D37E /* MainAdmin */ = {
			isa = PBXGroup;
			children = (
				50F349AD2819DEBE0065D37E /* MainAdminView */,
				50F349AC2819DEBB0065D37E /* MainAdminInteractor */,
				50F349AB2819DEB80065D37E /* MainAdminPresenter */,
				50F349AA2819DEB50065D37E /* MainAdminEntity */,
				50F349A92819DEB20065D37E /* MainAdminRouter */,
				50F349A82819DEAF0065D37E /* MainAdminProtocol */,
			);
			path = MainAdmin;
			sourceTree = "<group>";
		};
		50F349A82819DEAF0065D37E /* MainAdminProtocol */ = {
			isa = PBXGroup;
			children = (
				50F349CD2819DF980065D37E /* MainAdminProtocol.swift */,
			);
			path = MainAdminProtocol;
			sourceTree = "<group>";
		};
		50F349A92819DEB20065D37E /* MainAdminRouter */ = {
			isa = PBXGroup;
			children = (
				50F349C82819DF890065D37E /* MainAdminRouter.swift */,
			);
			path = MainAdminRouter;
			sourceTree = "<group>";
		};
		50F349AA2819DEB50065D37E /* MainAdminEntity */ = {
			isa = PBXGroup;
			children = (
				50F349FE2819FB810065D37E /* MainAdminEntity.swift */,
			);
			path = MainAdminEntity;
			sourceTree = "<group>";
		};
		50F349AB2819DEB80065D37E /* MainAdminPresenter */ = {
			isa = PBXGroup;
			children = (
				50F349C32819DF750065D37E /* MainAdminPresenter.swift */,
			);
			path = MainAdminPresenter;
			sourceTree = "<group>";
		};
		50F349AC2819DEBB0065D37E /* MainAdminInteractor */ = {
			isa = PBXGroup;
			children = (
				50F349BB2819DF650065D37E /* MainAdminInteractor.swift */,
			);
			path = MainAdminInteractor;
			sourceTree = "<group>";
		};
		50F349AD2819DEBE0065D37E /* MainAdminView */ = {
			isa = PBXGroup;
			children = (
				50FFA03B281C6B8D009A0528 /* MainAdminTableView */,
				50F349E02819F2FF0065D37E /* MainAdminCollectionView */,
				50F349AE2819DEDF0065D37E /* MainAdminViewController.swift */,
				50F349B62819DEF40065D37E /* MainAdminStoryboard.storyboard */,
			);
			path = MainAdminView;
			sourceTree = "<group>";
		};
		50F349E02819F2FF0065D37E /* MainAdminCollectionView */ = {
			isa = PBXGroup;
			children = (
				50F349E92819F3500065D37E /* MainAdminCollectionViewCell.swift */,
			);
			path = MainAdminCollectionView;
			sourceTree = "<group>";
		};
		50FFA03B281C6B8D009A0528 /* MainAdminTableView */ = {
			isa = PBXGroup;
			children = (
				50FFA03F281C6DF2009A0528 /* MainAdminTableViewCell.swift */,
			);
			path = MainAdminTableView;
			sourceTree = "<group>";
		};
		50FFA047281C96F9009A0528 /* UserModulRegister */ = {
			isa = PBXGroup;
			children = (
				50F1C70A2822D48200E6B85C /* DetailProduct */,
				506897E32820771800566000 /* UserRegisterProducts */,
				50FFA048281C96F9009A0528 /* PerfilUserRegister */,
				50FFA056281C96F9009A0528 /* MainUserListUser */,
				50DE386F2825B6E30091E14E /* InternalDataUser.swift */,
			);
			path = UserModulRegister;
			sourceTree = "<group>";
		};
		50FFA048281C96F9009A0528 /* PerfilUserRegister */ = {
			isa = PBXGroup;
			children = (
				50FFA049281C96F9009A0528 /* PerfilUserRegisterView */,
				50FFA04C281C96F9009A0528 /* PerfilUserRegisterRouter */,
				50FFA04E281C96F9009A0528 /* PerfilUserRegisterPresenter */,
				50FFA050281C96F9009A0528 /* PerfilUserRegisterEntity */,
				50FFA052281C96F9009A0528 /* PerfilUserRegisterInteractor */,
				50FFA054281C96F9009A0528 /* PerfilUserRegisterProtocol */,
			);
			path = PerfilUserRegister;
			sourceTree = "<group>";
		};
		50FFA049281C96F9009A0528 /* PerfilUserRegisterView */ = {
			isa = PBXGroup;
			children = (
				50FFA04A281C96F9009A0528 /* PerfilUserRegisterStoryboard.storyboard */,
				50FFA04B281C96F9009A0528 /* PerfilUserRegisterViewController.swift */,
			);
			path = PerfilUserRegisterView;
			sourceTree = "<group>";
		};
		50FFA04C281C96F9009A0528 /* PerfilUserRegisterRouter */ = {
			isa = PBXGroup;
			children = (
				50FFA04D281C96F9009A0528 /* PerfilUserRegisterRouter.swift */,
			);
			path = PerfilUserRegisterRouter;
			sourceTree = "<group>";
		};
		50FFA04E281C96F9009A0528 /* PerfilUserRegisterPresenter */ = {
			isa = PBXGroup;
			children = (
				50FFA04F281C96F9009A0528 /* PerfilUserRegisterPresenter.swift */,
			);
			path = PerfilUserRegisterPresenter;
			sourceTree = "<group>";
		};
		50FFA050281C96F9009A0528 /* PerfilUserRegisterEntity */ = {
			isa = PBXGroup;
			children = (
				50FFA051281C96F9009A0528 /* PerfilUserRegisterEntity.swift */,
			);
			path = PerfilUserRegisterEntity;
			sourceTree = "<group>";
		};
		50FFA052281C96F9009A0528 /* PerfilUserRegisterInteractor */ = {
			isa = PBXGroup;
			children = (
				50FFA053281C96F9009A0528 /* PerfilUserRegisterInteractor.swift */,
			);
			path = PerfilUserRegisterInteractor;
			sourceTree = "<group>";
		};
		50FFA054281C96F9009A0528 /* PerfilUserRegisterProtocol */ = {
			isa = PBXGroup;
			children = (
				50FFA055281C96F9009A0528 /* PerfilUserRegisterProtocol.swift */,
			);
			path = PerfilUserRegisterProtocol;
			sourceTree = "<group>";
		};
		50FFA056281C96F9009A0528 /* MainUserListUser */ = {
			isa = PBXGroup;
			children = (
				50F1C72C2823394300E6B85C /* MainUserRegisterView */,
				50F1C72B2823393600E6B85C /* MainUserRegisterInteractor */,
				50F1C72A2823392D00E6B85C /* MainUserRegisterPresenter */,
				50F1C7292823392100E6B85C /* MainUserRegisterEntity */,
				50F1C7282823391600E6B85C /* MainUserRegisterRouter */,
				50F1C727282338FB00E6B85C /* MainUserRegisterProtocol */,
			);
			path = MainUserListUser;
			sourceTree = "<group>";
		};
		50FFA079281C9D1C009A0528 /* RegisterCategory */ = {
			isa = PBXGroup;
			children = (
				50FFA080281C9E29009A0528 /* RegisterCategoryView */,
				50FFA07F281C9E20009A0528 /* RegisterCategoryInteractor */,
				50FFA07E281C9E16009A0528 /* RegisterCategoryPresenter */,
				50FFA07D281C9E0D009A0528 /* RegisterCategoryEntity */,
				50FFA07C281C9DF6009A0528 /* RegisterCategoryRouter */,
				50FFA07B281C9DC5009A0528 /* RegisterCategoryProtocol */,
			);
			path = RegisterCategory;
			sourceTree = "<group>";
		};
		50FFA07A281C9DAA009A0528 /* RegisterProducts */ = {
			isa = PBXGroup;
			children = (
				501A6FEC282043CD00636F7F /* RegisterProductsView */,
				501A6FEB282043C500636F7F /* RegisterProductsInteractor */,
				501A6FEA282043BD00636F7F /* RegisterProductsPresenter */,
				501A6FE9282043B400636F7F /* RegisterProductsEntity */,
				501A6FE8282043A900636F7F /* RegisterProductsRouter */,
				501A6FE72820439400636F7F /* RegisterProductsProtocol */,
			);
			path = RegisterProducts;
			sourceTree = "<group>";
		};
		50FFA07B281C9DC5009A0528 /* RegisterCategoryProtocol */ = {
			isa = PBXGroup;
			children = (
				50FFA09F281C9EFA009A0528 /* RegisterCategoryProtocols.swift */,
			);
			path = RegisterCategoryProtocol;
			sourceTree = "<group>";
		};
		50FFA07C281C9DF6009A0528 /* RegisterCategoryRouter */ = {
			isa = PBXGroup;
			children = (
				50FFA09A281C9ED4009A0528 /* RegisterCategoryRouter.swift */,
			);
			path = RegisterCategoryRouter;
			sourceTree = "<group>";
		};
		50FFA07D281C9E0D009A0528 /* RegisterCategoryEntity */ = {
			isa = PBXGroup;
			children = (
				50FFA095281C9EC4009A0528 /* RegisterCategoryEntity.swift */,
			);
			path = RegisterCategoryEntity;
			sourceTree = "<group>";
		};
		50FFA07E281C9E16009A0528 /* RegisterCategoryPresenter */ = {
			isa = PBXGroup;
			children = (
				50FFA090281C9E99009A0528 /* RegisterCategoryPresenter.swift */,
			);
			path = RegisterCategoryPresenter;
			sourceTree = "<group>";
		};
		50FFA07F281C9E20009A0528 /* RegisterCategoryInteractor */ = {
			isa = PBXGroup;
			children = (
				50FFA08B281C9E73009A0528 /* RegisterCategoryInteractor.swift */,
			);
			path = RegisterCategoryInteractor;
			sourceTree = "<group>";
		};
		50FFA080281C9E29009A0528 /* RegisterCategoryView */ = {
			isa = PBXGroup;
			children = (
				50FFA081281C9E44009A0528 /* RegisterCategoryViewController.swift */,
				50FFA086281C9E5E009A0528 /* RegisterCategoryStoryboard.storyboard */,
			);
			path = RegisterCategoryView;
			sourceTree = "<group>";
		};
		65B30538EF5EA10E4B3B2590 /* Frameworks */ = {
			isa = PBXGroup;
			children = (
				896BECA8637AC48B968F16B8 /* Pods_MiTiendita.framework */,
				879371D82A5D3511F56ED2F3 /* Pods_MiTiendita_MiTienditaUITests.framework */,
				E435C321CB2EDB8EA7A40AC5 /* Pods_MiTienditaTests.framework */,
			);
			name = Frameworks;
			sourceTree = "<group>";
		};
		66D810E31E9F110693538236 /* Pods */ = {
			isa = PBXGroup;
			children = (
				DBF52DD215CAA431BF59B4A0 /* Pods-MiTiendita.debug.xcconfig */,
				1B73D9F1216576B6146CDFC5 /* Pods-MiTiendita.release.xcconfig */,
				42A7CBF2A57C307D695F07E9 /* Pods-MiTiendita-MiTienditaUITests.debug.xcconfig */,
				BFCD2829391DADAC97814985 /* Pods-MiTiendita-MiTienditaUITests.release.xcconfig */,
				15DC502285ECF0FA649C4CC7 /* Pods-MiTienditaTests.debug.xcconfig */,
				70E883DE066DBA78A3332F48 /* Pods-MiTienditaTests.release.xcconfig */,
			);
			path = Pods;
			sourceTree = "<group>";
		};
/* End PBXGroup section */

/* Begin PBXNativeTarget section */
		5011ED382817625D00831C83 /* MiTiendita */ = {
			isa = PBXNativeTarget;
			buildConfigurationList = 5011ED662817626200831C83 /* Build configuration list for PBXNativeTarget "MiTiendita" */;
			buildPhases = (
				485C4F48A0EBEE18A8BAA124 /* [CP] Check Pods Manifest.lock */,
				5011ED352817625D00831C83 /* Sources */,
				5011ED362817625D00831C83 /* Frameworks */,
				5011ED372817625D00831C83 /* Resources */,
				9C6FDAB4F23085F3A3776D2F /* [CP] Embed Pods Frameworks */,
			);
			buildRules = (
			);
			dependencies = (
			);
			name = MiTiendita;
			productName = MiTiendita;
			productReference = 5011ED392817625D00831C83 /* MiTiendita.app */;
			productType = "com.apple.product-type.application";
		};
		5011ED512817626200831C83 /* MiTienditaTests */ = {
			isa = PBXNativeTarget;
			buildConfigurationList = 5011ED692817626200831C83 /* Build configuration list for PBXNativeTarget "MiTienditaTests" */;
			buildPhases = (
				16329F825AC67DEE3437C3F8 /* [CP] Check Pods Manifest.lock */,
				5011ED4E2817626200831C83 /* Sources */,
				5011ED4F2817626200831C83 /* Frameworks */,
				5011ED502817626200831C83 /* Resources */,
			);
			buildRules = (
			);
			dependencies = (
				5011ED542817626200831C83 /* PBXTargetDependency */,
			);
			name = MiTienditaTests;
			productName = MiTienditaTests;
			productReference = 5011ED522817626200831C83 /* MiTienditaTests.xctest */;
			productType = "com.apple.product-type.bundle.unit-test";
		};
		5011ED5C2817626200831C83 /* MiTienditaUITests */ = {
			isa = PBXNativeTarget;
			buildConfigurationList = 5011ED6C2817626200831C83 /* Build configuration list for PBXNativeTarget "MiTienditaUITests" */;
			buildPhases = (
				8F73635643A5400029ABF7C1 /* [CP] Check Pods Manifest.lock */,
				5011ED592817626200831C83 /* Sources */,
				5011ED5A2817626200831C83 /* Frameworks */,
				5011ED5B2817626200831C83 /* Resources */,
				87B09D235CE8C0C576B41541 /* [CP] Embed Pods Frameworks */,
			);
			buildRules = (
			);
			dependencies = (
				5011ED5F2817626200831C83 /* PBXTargetDependency */,
			);
			name = MiTienditaUITests;
			productName = MiTienditaUITests;
			productReference = 5011ED5D2817626200831C83 /* MiTienditaUITests.xctest */;
			productType = "com.apple.product-type.bundle.ui-testing";
		};
/* End PBXNativeTarget section */

/* Begin PBXProject section */
		5011ED312817625D00831C83 /* Project object */ = {
			isa = PBXProject;
			attributes = {
				LastSwiftUpdateCheck = 1210;
				LastUpgradeCheck = 1210;
				TargetAttributes = {
					5011ED382817625D00831C83 = {
						CreatedOnToolsVersion = 12.1;
					};
					5011ED512817626200831C83 = {
						CreatedOnToolsVersion = 12.1;
						TestTargetID = 5011ED382817625D00831C83;
					};
					5011ED5C2817626200831C83 = {
						CreatedOnToolsVersion = 12.1;
						TestTargetID = 5011ED382817625D00831C83;
					};
				};
			};
			buildConfigurationList = 5011ED342817625D00831C83 /* Build configuration list for PBXProject "MiTiendita" */;
			compatibilityVersion = "Xcode 9.3";
			developmentRegion = en;
			hasScannedForEncodings = 0;
			knownRegions = (
				en,
				Base,
			);
			mainGroup = 5011ED302817625D00831C83;
			productRefGroup = 5011ED3A2817625D00831C83 /* Products */;
			projectDirPath = "";
			projectRoot = "";
			targets = (
				5011ED382817625D00831C83 /* MiTiendita */,
				5011ED512817626200831C83 /* MiTienditaTests */,
				5011ED5C2817626200831C83 /* MiTienditaUITests */,
			);
		};
/* End PBXProject section */

/* Begin PBXResourcesBuildPhase section */
		5011ED372817625D00831C83 /* Resources */ = {
			isa = PBXResourcesBuildPhase;
			buildActionMask = 2147483647;
			files = (
				5011ED4C2817626100831C83 /* LaunchScreen.storyboard in Resources */,
				501A6FF3282043FB00636F7F /* RegisterProductsStoryboard.storyboard in Resources */,
				50F1C7362823398600E6B85C /* MainUserRegisterStoryboard.storyboard in Resources */,
				50F349B72819DEF40065D37E /* MainAdminStoryboard.storyboard in Resources */,
				506897F42820771800566000 /* UserRegisterProductsStoryboard.storyboard in Resources */,
				50FFA087281C9E5E009A0528 /* RegisterCategoryStoryboard.storyboard in Resources */,
				50F1C7152822D48200E6B85C /* DetailProductStoryboard.storyboard in Resources */,
				5011ED492817626100831C83 /* Assets.xcassets in Resources */,
				50577C4228186DDC00EEC7B7 /* UserStoryboard.storyboard in Resources */,
				50FFA065281C96FA009A0528 /* PerfilUserRegisterStoryboard.storyboard in Resources */,
				50577BCD28183FED00EEC7B7 /* IndexStoryboard.storyboard in Resources */,
			);
			runOnlyForDeploymentPostprocessing = 0;
		};
		5011ED502817626200831C83 /* Resources */ = {
			isa = PBXResourcesBuildPhase;
			buildActionMask = 2147483647;
			files = (
			);
			runOnlyForDeploymentPostprocessing = 0;
		};
		5011ED5B2817626200831C83 /* Resources */ = {
			isa = PBXResourcesBuildPhase;
			buildActionMask = 2147483647;
			files = (
			);
			runOnlyForDeploymentPostprocessing = 0;
		};
/* End PBXResourcesBuildPhase section */

/* Begin PBXShellScriptBuildPhase section */
		16329F825AC67DEE3437C3F8 /* [CP] Check Pods Manifest.lock */ = {
			isa = PBXShellScriptBuildPhase;
			buildActionMask = 2147483647;
			files = (
			);
			inputFileListPaths = (
			);
			inputPaths = (
				"${PODS_PODFILE_DIR_PATH}/Podfile.lock",
				"${PODS_ROOT}/Manifest.lock",
			);
			name = "[CP] Check Pods Manifest.lock";
			outputFileListPaths = (
			);
			outputPaths = (
				"$(DERIVED_FILE_DIR)/Pods-MiTienditaTests-checkManifestLockResult.txt",
			);
			runOnlyForDeploymentPostprocessing = 0;
			shellPath = /bin/sh;
			shellScript = "diff \"${PODS_PODFILE_DIR_PATH}/Podfile.lock\" \"${PODS_ROOT}/Manifest.lock\" > /dev/null\nif [ $? != 0 ] ; then\n    # print error to STDERR\n    echo \"error: The sandbox is not in sync with the Podfile.lock. Run 'pod install' or update your CocoaPods installation.\" >&2\n    exit 1\nfi\n# This output is used by Xcode 'outputs' to avoid re-running this script phase.\necho \"SUCCESS\" > \"${SCRIPT_OUTPUT_FILE_0}\"\n";
			showEnvVarsInLog = 0;
		};
		485C4F48A0EBEE18A8BAA124 /* [CP] Check Pods Manifest.lock */ = {
			isa = PBXShellScriptBuildPhase;
			buildActionMask = 2147483647;
			files = (
			);
			inputFileListPaths = (
			);
			inputPaths = (
				"${PODS_PODFILE_DIR_PATH}/Podfile.lock",
				"${PODS_ROOT}/Manifest.lock",
			);
			name = "[CP] Check Pods Manifest.lock";
			outputFileListPaths = (
			);
			outputPaths = (
				"$(DERIVED_FILE_DIR)/Pods-MiTiendita-checkManifestLockResult.txt",
			);
			runOnlyForDeploymentPostprocessing = 0;
			shellPath = /bin/sh;
			shellScript = "diff \"${PODS_PODFILE_DIR_PATH}/Podfile.lock\" \"${PODS_ROOT}/Manifest.lock\" > /dev/null\nif [ $? != 0 ] ; then\n    # print error to STDERR\n    echo \"error: The sandbox is not in sync with the Podfile.lock. Run 'pod install' or update your CocoaPods installation.\" >&2\n    exit 1\nfi\n# This output is used by Xcode 'outputs' to avoid re-running this script phase.\necho \"SUCCESS\" > \"${SCRIPT_OUTPUT_FILE_0}\"\n";
			showEnvVarsInLog = 0;
		};
		87B09D235CE8C0C576B41541 /* [CP] Embed Pods Frameworks */ = {
			isa = PBXShellScriptBuildPhase;
			buildActionMask = 2147483647;
			files = (
			);
			inputFileListPaths = (
				"${PODS_ROOT}/Target Support Files/Pods-MiTiendita-MiTienditaUITests/Pods-MiTiendita-MiTienditaUITests-frameworks-${CONFIGURATION}-input-files.xcfilelist",
			);
			name = "[CP] Embed Pods Frameworks";
			outputFileListPaths = (
				"${PODS_ROOT}/Target Support Files/Pods-MiTiendita-MiTienditaUITests/Pods-MiTiendita-MiTienditaUITests-frameworks-${CONFIGURATION}-output-files.xcfilelist",
			);
			runOnlyForDeploymentPostprocessing = 0;
			shellPath = /bin/sh;
			shellScript = "\"${PODS_ROOT}/Target Support Files/Pods-MiTiendita-MiTienditaUITests/Pods-MiTiendita-MiTienditaUITests-frameworks.sh\"\n";
			showEnvVarsInLog = 0;
		};
		8F73635643A5400029ABF7C1 /* [CP] Check Pods Manifest.lock */ = {
			isa = PBXShellScriptBuildPhase;
			buildActionMask = 2147483647;
			files = (
			);
			inputFileListPaths = (
			);
			inputPaths = (
				"${PODS_PODFILE_DIR_PATH}/Podfile.lock",
				"${PODS_ROOT}/Manifest.lock",
			);
			name = "[CP] Check Pods Manifest.lock";
			outputFileListPaths = (
			);
			outputPaths = (
				"$(DERIVED_FILE_DIR)/Pods-MiTiendita-MiTienditaUITests-checkManifestLockResult.txt",
			);
			runOnlyForDeploymentPostprocessing = 0;
			shellPath = /bin/sh;
			shellScript = "diff \"${PODS_PODFILE_DIR_PATH}/Podfile.lock\" \"${PODS_ROOT}/Manifest.lock\" > /dev/null\nif [ $? != 0 ] ; then\n    # print error to STDERR\n    echo \"error: The sandbox is not in sync with the Podfile.lock. Run 'pod install' or update your CocoaPods installation.\" >&2\n    exit 1\nfi\n# This output is used by Xcode 'outputs' to avoid re-running this script phase.\necho \"SUCCESS\" > \"${SCRIPT_OUTPUT_FILE_0}\"\n";
			showEnvVarsInLog = 0;
		};
		9C6FDAB4F23085F3A3776D2F /* [CP] Embed Pods Frameworks */ = {
			isa = PBXShellScriptBuildPhase;
			buildActionMask = 2147483647;
			files = (
			);
			inputFileListPaths = (
				"${PODS_ROOT}/Target Support Files/Pods-MiTiendita/Pods-MiTiendita-frameworks-${CONFIGURATION}-input-files.xcfilelist",
			);
			name = "[CP] Embed Pods Frameworks";
			outputFileListPaths = (
				"${PODS_ROOT}/Target Support Files/Pods-MiTiendita/Pods-MiTiendita-frameworks-${CONFIGURATION}-output-files.xcfilelist",
			);
			runOnlyForDeploymentPostprocessing = 0;
			shellPath = /bin/sh;
			shellScript = "\"${PODS_ROOT}/Target Support Files/Pods-MiTiendita/Pods-MiTiendita-frameworks.sh\"\n";
			showEnvVarsInLog = 0;
		};
/* End PBXShellScriptBuildPhase section */

/* Begin PBXSourcesBuildPhase section */
		5011ED352817625D00831C83 /* Sources */ = {
			isa = PBXSourcesBuildPhase;
			buildActionMask = 2147483647;
			files = (
				50F349F52819F7850065D37E /* ExternalData.swift in Sources */,
				506898062820808E00566000 /* RequestManagers.swift in Sources */,
				506897F92820771800566000 /* UserRegisterProductsEntity.swift in Sources */,
				50FFA068281C96FA009A0528 /* PerfilUserRegisterPresenter.swift in Sources */,
				50F1C740282339B200E6B85C /* MainUserRegisterPresenter.swift in Sources */,
				50577C4328186DDC00EEC7B7 /* UserViewController.swift in Sources */,
				50F349C42819DF750065D37E /* MainAdminPresenter.swift in Sources */,
				50793D9C28246E5A00547845 /* MainUserRegisterTableViewCell.swift in Sources */,
				50F1C71A2822D48200E6B85C /* DetailProductInteractor.swift in Sources */,
				506897F72820771800566000 /* UserRegisterProductsProtocol.swift in Sources */,
				50F1C71C2822D48200E6B85C /* DetailProductViewController.swift in Sources */,
				50577BE12818402700EEC7B7 /* IndexPresenter.swift in Sources */,
				50F1C74A282339D300E6B85C /* MainUserRegisterRouter.swift in Sources */,
				50DE38752825B9000091E14E /* ExternalDataUser.swift in Sources */,
				5068980B282082F300566000 /* RegisterProductEntity.swift in Sources */,
				50FFA066281C96FA009A0528 /* PerfilUserRegisterViewController.swift in Sources */,
				50577C4428186DDC00EEC7B7 /* UserInteractor.swift in Sources */,
				501A6FF82820440C00636F7F /* RegisterProductsInteractor.swift in Sources */,
				50577C4628186DDC00EEC7B7 /* UserRouter.swift in Sources */,
				50F1C7142822D48200E6B85C /* DetailProductRouter.swift in Sources */,
				50F349FF2819FB810065D37E /* MainAdminEntity.swift in Sources */,
				50F1C745282339C300E6B85C /* MainUserRegisterEntity.swift in Sources */,
				506897F32820771800566000 /* UserRegisterProductsViewController.swift in Sources */,
				50F349AF2819DEDF0065D37E /* MainAdminViewController.swift in Sources */,
				50577BDC2818401A00EEC7B7 /* IndexEntity.swift in Sources */,
				501A6FEE282043EB00636F7F /* RegisterProductsViewController.swift in Sources */,
				50F1C74F282339E500E6B85C /* MainUserRegisterProtocol.swift in Sources */,
				50F349C92819DF890065D37E /* MainAdminRouter.swift in Sources */,
				50577BE62818403600EEC7B7 /* IndexInteractor.swift in Sources */,
				50F1C7162822D48200E6B85C /* DetailProductCollectionViewController.swift in Sources */,
				50577C4028186DDC00EEC7B7 /* UserEntity.swift in Sources */,
				50FFA096281C9EC4009A0528 /* RegisterCategoryEntity.swift in Sources */,
				50FFA09B281C9ED4009A0528 /* RegisterCategoryRouter.swift in Sources */,
				506897FA2820771800566000 /* UserRegisterProductsInteractor.swift in Sources */,
				50FFA06B281C96FA009A0528 /* PerfilUserRegisterProtocol.swift in Sources */,
				50793D972824284800547845 /* InternalData.swift in Sources */,
				50F1C738282339A100E6B85C /* MainUserRegisterInteractor.swift in Sources */,
				50577C4128186DDC00EEC7B7 /* UserPresenter.swift in Sources */,
				5011ED3D2817625D00831C83 /* AppDelegate.swift in Sources */,
				50F349CE2819DF980065D37E /* MainAdminProtocol.swift in Sources */,
				50FFA091281C9E99009A0528 /* RegisterCategoryPresenter.swift in Sources */,
				50FFA082281C9E44009A0528 /* RegisterCategoryViewController.swift in Sources */,
				501A70072820443400636F7F /* RegisterProductsProtocol.swift in Sources */,
				506897F82820771800566000 /* UserRegisterProductsPresenter.swift in Sources */,
				50577BD22818400000EEC7B7 /* IndexProtocol.swift in Sources */,
				50F34A04281A024E0065D37E /* RequestManager.swift in Sources */,
				50FFA08C281C9E73009A0528 /* RegisterCategoryInteractor.swift in Sources */,
				50F1C7192822D48200E6B85C /* DetailProductEntity.swift in Sources */,
				50F349BC2819DF650065D37E /* MainAdminInteractor.swift in Sources */,
				5011ED3F2817625D00831C83 /* SceneDelegate.swift in Sources */,
				50FFA067281C96FA009A0528 /* PerfilUserRegisterRouter.swift in Sources */,
				50FFA06A281C96FA009A0528 /* PerfilUserRegisterInteractor.swift in Sources */,
				50FFA0A0281C9EFA009A0528 /* RegisterCategoryProtocols.swift in Sources */,
				5011ED472817625D00831C83 /* MiTiendita.xcdatamodeld in Sources */,
				50577BC828183FDE00EEC7B7 /* IndexViewController.swift in Sources */,
				50F1C7172822D48200E6B85C /* DetailProductCollectionViewCell.swift in Sources */,
				50F1C71B2822D48200E6B85C /* DetailProductPresenter.swift in Sources */,
				50F1C7182822D48200E6B85C /* DetailProductProtocol.swift in Sources */,
				501A70022820442900636F7F /* RegisterProductsRouter.swift in Sources */,
				506897F62820771800566000 /* UserRegisterProductsRouter.swift in Sources */,
				50F1C72E2823397700E6B85C /* MainUserRegisterViewController.swift in Sources */,
				506897F52820771800566000 /* UserRegisterProductsTableView.swift in Sources */,
				501A6FFD2820441700636F7F /* RegisterProductsPresenter.swift in Sources */,
				50FFA069281C96FA009A0528 /* PerfilUserRegisterEntity.swift in Sources */,
				50577C4528186DDC00EEC7B7 /* UserProtocol.swift in Sources */,
				50F349EA2819F3500065D37E /* MainAdminCollectionViewCell.swift in Sources */,
				50577BD72818400B00EEC7B7 /* IndexRouter.swift in Sources */,
				50FFA040281C6DF2009A0528 /* MainAdminTableViewCell.swift in Sources */,
				50DE38702825B6E30091E14E /* InternalDataUser.swift in Sources */,
			);
			runOnlyForDeploymentPostprocessing = 0;
		};
		5011ED4E2817626200831C83 /* Sources */ = {
			isa = PBXSourcesBuildPhase;
			buildActionMask = 2147483647;
			files = (
				5011ED572817626200831C83 /* MiTienditaTests.swift in Sources */,
			);
			runOnlyForDeploymentPostprocessing = 0;
		};
		5011ED592817626200831C83 /* Sources */ = {
			isa = PBXSourcesBuildPhase;
			buildActionMask = 2147483647;
			files = (
				5011ED622817626200831C83 /* MiTienditaUITests.swift in Sources */,
			);
			runOnlyForDeploymentPostprocessing = 0;
		};
/* End PBXSourcesBuildPhase section */

/* Begin PBXTargetDependency section */
		5011ED542817626200831C83 /* PBXTargetDependency */ = {
			isa = PBXTargetDependency;
			target = 5011ED382817625D00831C83 /* MiTiendita */;
			targetProxy = 5011ED532817626200831C83 /* PBXContainerItemProxy */;
		};
		5011ED5F2817626200831C83 /* PBXTargetDependency */ = {
			isa = PBXTargetDependency;
			target = 5011ED382817625D00831C83 /* MiTiendita */;
			targetProxy = 5011ED5E2817626200831C83 /* PBXContainerItemProxy */;
		};
/* End PBXTargetDependency section */

/* Begin PBXVariantGroup section */
		5011ED4A2817626100831C83 /* LaunchScreen.storyboard */ = {
			isa = PBXVariantGroup;
			children = (
				5011ED4B2817626100831C83 /* Base */,
			);
			name = LaunchScreen.storyboard;
			sourceTree = "<group>";
		};
/* End PBXVariantGroup section */

/* Begin XCBuildConfiguration section */
		5011ED642817626200831C83 /* Debug */ = {
			isa = XCBuildConfiguration;
			buildSettings = {
				ALWAYS_SEARCH_USER_PATHS = NO;
				CLANG_ANALYZER_NONNULL = YES;
				CLANG_ANALYZER_NUMBER_OBJECT_CONVERSION = YES_AGGRESSIVE;
				CLANG_CXX_LANGUAGE_STANDARD = "gnu++14";
				CLANG_CXX_LIBRARY = "libc++";
				CLANG_ENABLE_MODULES = YES;
				CLANG_ENABLE_OBJC_ARC = YES;
				CLANG_ENABLE_OBJC_WEAK = YES;
				CLANG_WARN_BLOCK_CAPTURE_AUTORELEASING = YES;
				CLANG_WARN_BOOL_CONVERSION = YES;
				CLANG_WARN_COMMA = YES;
				CLANG_WARN_CONSTANT_CONVERSION = YES;
				CLANG_WARN_DEPRECATED_OBJC_IMPLEMENTATIONS = YES;
				CLANG_WARN_DIRECT_OBJC_ISA_USAGE = YES_ERROR;
				CLANG_WARN_DOCUMENTATION_COMMENTS = YES;
				CLANG_WARN_EMPTY_BODY = YES;
				CLANG_WARN_ENUM_CONVERSION = YES;
				CLANG_WARN_INFINITE_RECURSION = YES;
				CLANG_WARN_INT_CONVERSION = YES;
				CLANG_WARN_NON_LITERAL_NULL_CONVERSION = YES;
				CLANG_WARN_OBJC_IMPLICIT_RETAIN_SELF = YES;
				CLANG_WARN_OBJC_LITERAL_CONVERSION = YES;
				CLANG_WARN_OBJC_ROOT_CLASS = YES_ERROR;
				CLANG_WARN_QUOTED_INCLUDE_IN_FRAMEWORK_HEADER = YES;
				CLANG_WARN_RANGE_LOOP_ANALYSIS = YES;
				CLANG_WARN_STRICT_PROTOTYPES = YES;
				CLANG_WARN_SUSPICIOUS_MOVE = YES;
				CLANG_WARN_UNGUARDED_AVAILABILITY = YES_AGGRESSIVE;
				CLANG_WARN_UNREACHABLE_CODE = YES;
				CLANG_WARN__DUPLICATE_METHOD_MATCH = YES;
				COPY_PHASE_STRIP = NO;
				DEBUG_INFORMATION_FORMAT = dwarf;
				ENABLE_STRICT_OBJC_MSGSEND = YES;
				ENABLE_TESTABILITY = YES;
				GCC_C_LANGUAGE_STANDARD = gnu11;
				GCC_DYNAMIC_NO_PIC = NO;
				GCC_NO_COMMON_BLOCKS = YES;
				GCC_OPTIMIZATION_LEVEL = 0;
				GCC_PREPROCESSOR_DEFINITIONS = (
					"DEBUG=1",
					"$(inherited)",
				);
				GCC_WARN_64_TO_32_BIT_CONVERSION = YES;
				GCC_WARN_ABOUT_RETURN_TYPE = YES_ERROR;
				GCC_WARN_UNDECLARED_SELECTOR = YES;
				GCC_WARN_UNINITIALIZED_AUTOS = YES_AGGRESSIVE;
				GCC_WARN_UNUSED_FUNCTION = YES;
				GCC_WARN_UNUSED_VARIABLE = YES;
				IPHONEOS_DEPLOYMENT_TARGET = 14.1;
				MTL_ENABLE_DEBUG_INFO = INCLUDE_SOURCE;
				MTL_FAST_MATH = YES;
				ONLY_ACTIVE_ARCH = YES;
				SDKROOT = iphoneos;
				SWIFT_ACTIVE_COMPILATION_CONDITIONS = DEBUG;
				SWIFT_OPTIMIZATION_LEVEL = "-Onone";
			};
			name = Debug;
		};
		5011ED652817626200831C83 /* Release */ = {
			isa = XCBuildConfiguration;
			buildSettings = {
				ALWAYS_SEARCH_USER_PATHS = NO;
				CLANG_ANALYZER_NONNULL = YES;
				CLANG_ANALYZER_NUMBER_OBJECT_CONVERSION = YES_AGGRESSIVE;
				CLANG_CXX_LANGUAGE_STANDARD = "gnu++14";
				CLANG_CXX_LIBRARY = "libc++";
				CLANG_ENABLE_MODULES = YES;
				CLANG_ENABLE_OBJC_ARC = YES;
				CLANG_ENABLE_OBJC_WEAK = YES;
				CLANG_WARN_BLOCK_CAPTURE_AUTORELEASING = YES;
				CLANG_WARN_BOOL_CONVERSION = YES;
				CLANG_WARN_COMMA = YES;
				CLANG_WARN_CONSTANT_CONVERSION = YES;
				CLANG_WARN_DEPRECATED_OBJC_IMPLEMENTATIONS = YES;
				CLANG_WARN_DIRECT_OBJC_ISA_USAGE = YES_ERROR;
				CLANG_WARN_DOCUMENTATION_COMMENTS = YES;
				CLANG_WARN_EMPTY_BODY = YES;
				CLANG_WARN_ENUM_CONVERSION = YES;
				CLANG_WARN_INFINITE_RECURSION = YES;
				CLANG_WARN_INT_CONVERSION = YES;
				CLANG_WARN_NON_LITERAL_NULL_CONVERSION = YES;
				CLANG_WARN_OBJC_IMPLICIT_RETAIN_SELF = YES;
				CLANG_WARN_OBJC_LITERAL_CONVERSION = YES;
				CLANG_WARN_OBJC_ROOT_CLASS = YES_ERROR;
				CLANG_WARN_QUOTED_INCLUDE_IN_FRAMEWORK_HEADER = YES;
				CLANG_WARN_RANGE_LOOP_ANALYSIS = YES;
				CLANG_WARN_STRICT_PROTOTYPES = YES;
				CLANG_WARN_SUSPICIOUS_MOVE = YES;
				CLANG_WARN_UNGUARDED_AVAILABILITY = YES_AGGRESSIVE;
				CLANG_WARN_UNREACHABLE_CODE = YES;
				CLANG_WARN__DUPLICATE_METHOD_MATCH = YES;
				COPY_PHASE_STRIP = NO;
				DEBUG_INFORMATION_FORMAT = "dwarf-with-dsym";
				ENABLE_NS_ASSERTIONS = NO;
				ENABLE_STRICT_OBJC_MSGSEND = YES;
				GCC_C_LANGUAGE_STANDARD = gnu11;
				GCC_NO_COMMON_BLOCKS = YES;
				GCC_WARN_64_TO_32_BIT_CONVERSION = YES;
				GCC_WARN_ABOUT_RETURN_TYPE = YES_ERROR;
				GCC_WARN_UNDECLARED_SELECTOR = YES;
				GCC_WARN_UNINITIALIZED_AUTOS = YES_AGGRESSIVE;
				GCC_WARN_UNUSED_FUNCTION = YES;
				GCC_WARN_UNUSED_VARIABLE = YES;
				IPHONEOS_DEPLOYMENT_TARGET = 14.1;
				MTL_ENABLE_DEBUG_INFO = NO;
				MTL_FAST_MATH = YES;
				SDKROOT = iphoneos;
				SWIFT_COMPILATION_MODE = wholemodule;
				SWIFT_OPTIMIZATION_LEVEL = "-O";
				VALIDATE_PRODUCT = YES;
			};
			name = Release;
		};
		5011ED672817626200831C83 /* Debug */ = {
			isa = XCBuildConfiguration;
			baseConfigurationReference = DBF52DD215CAA431BF59B4A0 /* Pods-MiTiendita.debug.xcconfig */;
			buildSettings = {
				ASSETCATALOG_COMPILER_APPICON_NAME = AppIcon;
				ASSETCATALOG_COMPILER_GLOBAL_ACCENT_COLOR_NAME = AccentColor;
				CODE_SIGN_STYLE = Automatic;
				DEVELOPMENT_TEAM = 7TR6KB3KB2;
				INFOPLIST_FILE = MiTiendita/Info.plist;
				LD_RUNPATH_SEARCH_PATHS = (
					"$(inherited)",
					"@executable_path/Frameworks",
				);
				PRODUCT_BUNDLE_IDENTIFIER = com.dsis.MiTiendita;
				PRODUCT_NAME = "$(TARGET_NAME)";
				SWIFT_VERSION = 5.0;
				TARGETED_DEVICE_FAMILY = "1,2";
			};
			name = Debug;
		};
		5011ED682817626200831C83 /* Release */ = {
			isa = XCBuildConfiguration;
			baseConfigurationReference = 1B73D9F1216576B6146CDFC5 /* Pods-MiTiendita.release.xcconfig */;
			buildSettings = {
				ASSETCATALOG_COMPILER_APPICON_NAME = AppIcon;
				ASSETCATALOG_COMPILER_GLOBAL_ACCENT_COLOR_NAME = AccentColor;
				CODE_SIGN_STYLE = Automatic;
				DEVELOPMENT_TEAM = 7TR6KB3KB2;
				INFOPLIST_FILE = MiTiendita/Info.plist;
				LD_RUNPATH_SEARCH_PATHS = (
					"$(inherited)",
					"@executable_path/Frameworks",
				);
				PRODUCT_BUNDLE_IDENTIFIER = com.dsis.MiTiendita;
				PRODUCT_NAME = "$(TARGET_NAME)";
				SWIFT_VERSION = 5.0;
				TARGETED_DEVICE_FAMILY = "1,2";
			};
			name = Release;
		};
		5011ED6A2817626200831C83 /* Debug */ = {
			isa = XCBuildConfiguration;
			baseConfigurationReference = 15DC502285ECF0FA649C4CC7 /* Pods-MiTienditaTests.debug.xcconfig */;
			buildSettings = {
				ALWAYS_EMBED_SWIFT_STANDARD_LIBRARIES = YES;
				BUNDLE_LOADER = "$(TEST_HOST)";
				CODE_SIGN_STYLE = Automatic;
				DEVELOPMENT_TEAM = 7TR6KB3KB2;
				INFOPLIST_FILE = MiTienditaTests/Info.plist;
				IPHONEOS_DEPLOYMENT_TARGET = 14.1;
				LD_RUNPATH_SEARCH_PATHS = (
					"$(inherited)",
					"@executable_path/Frameworks",
					"@loader_path/Frameworks",
				);
				PRODUCT_BUNDLE_IDENTIFIER = com.dsis.MiTienditaTests;
				PRODUCT_NAME = "$(TARGET_NAME)";
				SWIFT_VERSION = 5.0;
				TARGETED_DEVICE_FAMILY = "1,2";
				TEST_HOST = "$(BUILT_PRODUCTS_DIR)/MiTiendita.app/MiTiendita";
			};
			name = Debug;
		};
		5011ED6B2817626200831C83 /* Release */ = {
			isa = XCBuildConfiguration;
			baseConfigurationReference = 70E883DE066DBA78A3332F48 /* Pods-MiTienditaTests.release.xcconfig */;
			buildSettings = {
				ALWAYS_EMBED_SWIFT_STANDARD_LIBRARIES = YES;
				BUNDLE_LOADER = "$(TEST_HOST)";
				CODE_SIGN_STYLE = Automatic;
				DEVELOPMENT_TEAM = 7TR6KB3KB2;
				INFOPLIST_FILE = MiTienditaTests/Info.plist;
				IPHONEOS_DEPLOYMENT_TARGET = 14.1;
				LD_RUNPATH_SEARCH_PATHS = (
					"$(inherited)",
					"@executable_path/Frameworks",
					"@loader_path/Frameworks",
				);
				PRODUCT_BUNDLE_IDENTIFIER = com.dsis.MiTienditaTests;
				PRODUCT_NAME = "$(TARGET_NAME)";
				SWIFT_VERSION = 5.0;
				TARGETED_DEVICE_FAMILY = "1,2";
				TEST_HOST = "$(BUILT_PRODUCTS_DIR)/MiTiendita.app/MiTiendita";
			};
			name = Release;
		};
		5011ED6D2817626200831C83 /* Debug */ = {
			isa = XCBuildConfiguration;
			baseConfigurationReference = 42A7CBF2A57C307D695F07E9 /* Pods-MiTiendita-MiTienditaUITests.debug.xcconfig */;
			buildSettings = {
				ALWAYS_EMBED_SWIFT_STANDARD_LIBRARIES = YES;
				CODE_SIGN_STYLE = Automatic;
				DEVELOPMENT_TEAM = 7TR6KB3KB2;
				INFOPLIST_FILE = MiTienditaUITests/Info.plist;
				LD_RUNPATH_SEARCH_PATHS = (
					"$(inherited)",
					"@executable_path/Frameworks",
					"@loader_path/Frameworks",
				);
				PRODUCT_BUNDLE_IDENTIFIER = com.dsis.MiTienditaUITests;
				PRODUCT_NAME = "$(TARGET_NAME)";
				SWIFT_VERSION = 5.0;
				TARGETED_DEVICE_FAMILY = "1,2";
				TEST_TARGET_NAME = MiTiendita;
			};
			name = Debug;
		};
		5011ED6E2817626200831C83 /* Release */ = {
			isa = XCBuildConfiguration;
			baseConfigurationReference = BFCD2829391DADAC97814985 /* Pods-MiTiendita-MiTienditaUITests.release.xcconfig */;
			buildSettings = {
				ALWAYS_EMBED_SWIFT_STANDARD_LIBRARIES = YES;
				CODE_SIGN_STYLE = Automatic;
				DEVELOPMENT_TEAM = 7TR6KB3KB2;
				INFOPLIST_FILE = MiTienditaUITests/Info.plist;
				LD_RUNPATH_SEARCH_PATHS = (
					"$(inherited)",
					"@executable_path/Frameworks",
					"@loader_path/Frameworks",
				);
				PRODUCT_BUNDLE_IDENTIFIER = com.dsis.MiTienditaUITests;
				PRODUCT_NAME = "$(TARGET_NAME)";
				SWIFT_VERSION = 5.0;
				TARGETED_DEVICE_FAMILY = "1,2";
				TEST_TARGET_NAME = MiTiendita;
			};
			name = Release;
		};
/* End XCBuildConfiguration section */

/* Begin XCConfigurationList section */
		5011ED342817625D00831C83 /* Build configuration list for PBXProject "MiTiendita" */ = {
			isa = XCConfigurationList;
			buildConfigurations = (
				5011ED642817626200831C83 /* Debug */,
				5011ED652817626200831C83 /* Release */,
			);
			defaultConfigurationIsVisible = 0;
			defaultConfigurationName = Release;
		};
		5011ED662817626200831C83 /* Build configuration list for PBXNativeTarget "MiTiendita" */ = {
			isa = XCConfigurationList;
			buildConfigurations = (
				5011ED672817626200831C83 /* Debug */,
				5011ED682817626200831C83 /* Release */,
			);
			defaultConfigurationIsVisible = 0;
			defaultConfigurationName = Release;
		};
		5011ED692817626200831C83 /* Build configuration list for PBXNativeTarget "MiTienditaTests" */ = {
			isa = XCConfigurationList;
			buildConfigurations = (
				5011ED6A2817626200831C83 /* Debug */,
				5011ED6B2817626200831C83 /* Release */,
			);
			defaultConfigurationIsVisible = 0;
			defaultConfigurationName = Release;
		};
		5011ED6C2817626200831C83 /* Build configuration list for PBXNativeTarget "MiTienditaUITests" */ = {
			isa = XCConfigurationList;
			buildConfigurations = (
				5011ED6D2817626200831C83 /* Debug */,
				5011ED6E2817626200831C83 /* Release */,
			);
			defaultConfigurationIsVisible = 0;
			defaultConfigurationName = Release;
		};
/* End XCConfigurationList section */

/* Begin XCVersionGroup section */
		5011ED452817625D00831C83 /* MiTiendita.xcdatamodeld */ = {
			isa = XCVersionGroup;
			children = (
				5011ED462817625D00831C83 /* MiTiendita.xcdatamodel */,
			);
			currentVersion = 5011ED462817625D00831C83 /* MiTiendita.xcdatamodel */;
			path = MiTiendita.xcdatamodeld;
			sourceTree = "<group>";
			versionGroupType = wrapper.xcdatamodel;
		};
/* End XCVersionGroup section */
	};
	rootObject = 5011ED312817625D00831C83 /* Project object */;
}
