// !$*UTF8*$!
{
	archiveVersion = 1;
	classes = {
	};
	objectVersion = 50;
	objects = {

/* Begin PBXBuildFile section */
		50E82716282D4BB200594164 /* AppDelegate.swift in Sources */ = {isa = PBXBuildFile; fileRef = 50E82715282D4BB200594164 /* AppDelegate.swift */; };
		50E82718282D4BB200594164 /* SceneDelegate.swift in Sources */ = {isa = PBXBuildFile; fileRef = 50E82717282D4BB200594164 /* SceneDelegate.swift */; };
		50E8271A282D4BB200594164 /* ViewController.swift in Sources */ = {isa = PBXBuildFile; fileRef = 50E82719282D4BB200594164 /* ViewController.swift */; };
		50E8271D282D4BB200594164 /* Main.storyboard in Resources */ = {isa = PBXBuildFile; fileRef = 50E8271B282D4BB200594164 /* Main.storyboard */; };
		50E82720282D4BB200594164 /* Delegados.xcdatamodeld in Sources */ = {isa = PBXBuildFile; fileRef = 50E8271E282D4BB200594164 /* Delegados.xcdatamodeld */; };
		50E82722282D4BB300594164 /* Assets.xcassets in Resources */ = {isa = PBXBuildFile; fileRef = 50E82721282D4BB300594164 /* Assets.xcassets */; };
		50E82725282D4BB300594164 /* LaunchScreen.storyboard in Resources */ = {isa = PBXBuildFile; fileRef = 50E82723282D4BB300594164 /* LaunchScreen.storyboard */; };
		50E82730282D4BB400594164 /* DelegadosTests.swift in Sources */ = {isa = PBXBuildFile; fileRef = 50E8272F282D4BB400594164 /* DelegadosTests.swift */; };
		50E8273B282D4BB400594164 /* DelegadosUITests.swift in Sources */ = {isa = PBXBuildFile; fileRef = 50E8273A282D4BB400594164 /* DelegadosUITests.swift */; };
		50E8274C282D4CD900594164 /* SegundaViewController.swift in Sources */ = {isa = PBXBuildFile; fileRef = 50E8274B282D4CD900594164 /* SegundaViewController.swift */; };
/* End PBXBuildFile section */

/* Begin PBXContainerItemProxy section */
		50E8272C282D4BB400594164 /* PBXContainerItemProxy */ = {
			isa = PBXContainerItemProxy;
			containerPortal = 50E8270A282D4BB200594164 /* Project object */;
			proxyType = 1;
			remoteGlobalIDString = 50E82711282D4BB200594164;
			remoteInfo = Delegados;
		};
		50E82737282D4BB400594164 /* PBXContainerItemProxy */ = {
			isa = PBXContainerItemProxy;
			containerPortal = 50E8270A282D4BB200594164 /* Project object */;
			proxyType = 1;
			remoteGlobalIDString = 50E82711282D4BB200594164;
			remoteInfo = Delegados;
		};
/* End PBXContainerItemProxy section */

/* Begin PBXFileReference section */
		50E82712282D4BB200594164 /* Delegados.app */ = {isa = PBXFileReference; explicitFileType = wrapper.application; includeInIndex = 0; path = Delegados.app; sourceTree = BUILT_PRODUCTS_DIR; };
		50E82715282D4BB200594164 /* AppDelegate.swift */ = {isa = PBXFileReference; lastKnownFileType = sourcecode.swift; path = AppDelegate.swift; sourceTree = "<group>"; };
		50E82717282D4BB200594164 /* SceneDelegate.swift */ = {isa = PBXFileReference; lastKnownFileType = sourcecode.swift; path = SceneDelegate.swift; sourceTree = "<group>"; };
		50E82719282D4BB200594164 /* ViewController.swift */ = {isa = PBXFileReference; lastKnownFileType = sourcecode.swift; path = ViewController.swift; sourceTree = "<group>"; };
		50E8271C282D4BB200594164 /* Base */ = {isa = PBXFileReference; lastKnownFileType = file.storyboard; name = Base; path = Base.lproj/Main.storyboard; sourceTree = "<group>"; };
		50E8271F282D4BB200594164 /* Delegados.xcdatamodel */ = {isa = PBXFileReference; lastKnownFileType = wrapper.xcdatamodel; path = Delegados.xcdatamodel; sourceTree = "<group>"; };
		50E82721282D4BB300594164 /* Assets.xcassets */ = {isa = PBXFileReference; lastKnownFileType = folder.assetcatalog; path = Assets.xcassets; sourceTree = "<group>"; };
		50E82724282D4BB300594164 /* Base */ = {isa = PBXFileReference; lastKnownFileType = file.storyboard; name = Base; path = Base.lproj/LaunchScreen.storyboard; sourceTree = "<group>"; };
		50E82726282D4BB300594164 /* Info.plist */ = {isa = PBXFileReference; lastKnownFileType = text.plist.xml; path = Info.plist; sourceTree = "<group>"; };
		50E8272B282D4BB400594164 /* DelegadosTests.xctest */ = {isa = PBXFileReference; explicitFileType = wrapper.cfbundle; includeInIndex = 0; path = DelegadosTests.xctest; sourceTree = BUILT_PRODUCTS_DIR; };
		50E8272F282D4BB400594164 /* DelegadosTests.swift */ = {isa = PBXFileReference; lastKnownFileType = sourcecode.swift; path = DelegadosTests.swift; sourceTree = "<group>"; };
		50E82731282D4BB400594164 /* Info.plist */ = {isa = PBXFileReference; lastKnownFileType = text.plist.xml; path = Info.plist; sourceTree = "<group>"; };
		50E82736282D4BB400594164 /* DelegadosUITests.xctest */ = {isa = PBXFileReference; explicitFileType = wrapper.cfbundle; includeInIndex = 0; path = DelegadosUITests.xctest; sourceTree = BUILT_PRODUCTS_DIR; };
		50E8273A282D4BB400594164 /* DelegadosUITests.swift */ = {isa = PBXFileReference; lastKnownFileType = sourcecode.swift; path = DelegadosUITests.swift; sourceTree = "<group>"; };
		50E8273C282D4BB400594164 /* Info.plist */ = {isa = PBXFileReference; lastKnownFileType = text.plist.xml; path = Info.plist; sourceTree = "<group>"; };
		50E8274B282D4CD900594164 /* SegundaViewController.swift */ = {isa = PBXFileReference; lastKnownFileType = sourcecode.swift; path = SegundaViewController.swift; sourceTree = "<group>"; };
/* End PBXFileReference section */

/* Begin PBXFrameworksBuildPhase section */
		50E8270F282D4BB200594164 /* Frameworks */ = {
			isa = PBXFrameworksBuildPhase;
			buildActionMask = 2147483647;
			files = (
			);
			runOnlyForDeploymentPostprocessing = 0;
		};
		50E82728282D4BB400594164 /* Frameworks */ = {
			isa = PBXFrameworksBuildPhase;
			buildActionMask = 2147483647;
			files = (
			);
			runOnlyForDeploymentPostprocessing = 0;
		};
		50E82733282D4BB400594164 /* Frameworks */ = {
			isa = PBXFrameworksBuildPhase;
			buildActionMask = 2147483647;
			files = (
			);
			runOnlyForDeploymentPostprocessing = 0;
		};
/* End PBXFrameworksBuildPhase section */

/* Begin PBXGroup section */
		50E82709282D4BB200594164 = {
			isa = PBXGroup;
			children = (
				50E82714282D4BB200594164 /* Delegados */,
				50E8272E282D4BB400594164 /* DelegadosTests */,
				50E82739282D4BB400594164 /* DelegadosUITests */,
				50E82713282D4BB200594164 /* Products */,
			);
			sourceTree = "<group>";
		};
		50E82713282D4BB200594164 /* Products */ = {
			isa = PBXGroup;
			children = (
				50E82712282D4BB200594164 /* Delegados.app */,
				50E8272B282D4BB400594164 /* DelegadosTests.xctest */,
				50E82736282D4BB400594164 /* DelegadosUITests.xctest */,
			);
			name = Products;
			sourceTree = "<group>";
		};
		50E82714282D4BB200594164 /* Delegados */ = {
			isa = PBXGroup;
			children = (
				50E82715282D4BB200594164 /* AppDelegate.swift */,
				50E82717282D4BB200594164 /* SceneDelegate.swift */,
				50E82719282D4BB200594164 /* ViewController.swift */,
				50E8271B282D4BB200594164 /* Main.storyboard */,
				50E82721282D4BB300594164 /* Assets.xcassets */,
				50E82723282D4BB300594164 /* LaunchScreen.storyboard */,
				50E82726282D4BB300594164 /* Info.plist */,
				50E8271E282D4BB200594164 /* Delegados.xcdatamodeld */,
				50E8274B282D4CD900594164 /* SegundaViewController.swift */,
			);
			path = Delegados;
			sourceTree = "<group>";
		};
		50E8272E282D4BB400594164 /* DelegadosTests */ = {
			isa = PBXGroup;
			children = (
				50E8272F282D4BB400594164 /* DelegadosTests.swift */,
				50E82731282D4BB400594164 /* Info.plist */,
			);
			path = DelegadosTests;
			sourceTree = "<group>";
		};
		50E82739282D4BB400594164 /* DelegadosUITests */ = {
			isa = PBXGroup;
			children = (
				50E8273A282D4BB400594164 /* DelegadosUITests.swift */,
				50E8273C282D4BB400594164 /* Info.plist */,
			);
			path = DelegadosUITests;
			sourceTree = "<group>";
		};
/* End PBXGroup section */

/* Begin PBXNativeTarget section */
		50E82711282D4BB200594164 /* Delegados */ = {
			isa = PBXNativeTarget;
			buildConfigurationList = 50E8273F282D4BB400594164 /* Build configuration list for PBXNativeTarget "Delegados" */;
			buildPhases = (
				50E8270E282D4BB200594164 /* Sources */,
				50E8270F282D4BB200594164 /* Frameworks */,
				50E82710282D4BB200594164 /* Resources */,
			);
			buildRules = (
			);
			dependencies = (
			);
			name = Delegados;
			productName = Delegados;
			productReference = 50E82712282D4BB200594164 /* Delegados.app */;
			productType = "com.apple.product-type.application";
		};
		50E8272A282D4BB400594164 /* DelegadosTests */ = {
			isa = PBXNativeTarget;
			buildConfigurationList = 50E82742282D4BB400594164 /* Build configuration list for PBXNativeTarget "DelegadosTests" */;
			buildPhases = (
				50E82727282D4BB400594164 /* Sources */,
				50E82728282D4BB400594164 /* Frameworks */,
				50E82729282D4BB400594164 /* Resources */,
			);
			buildRules = (
			);
			dependencies = (
				50E8272D282D4BB400594164 /* PBXTargetDependency */,
			);
			name = DelegadosTests;
			productName = DelegadosTests;
			productReference = 50E8272B282D4BB400594164 /* DelegadosTests.xctest */;
			productType = "com.apple.product-type.bundle.unit-test";
		};
		50E82735282D4BB400594164 /* DelegadosUITests */ = {
			isa = PBXNativeTarget;
			buildConfigurationList = 50E82745282D4BB400594164 /* Build configuration list for PBXNativeTarget "DelegadosUITests" */;
			buildPhases = (
				50E82732282D4BB400594164 /* Sources */,
				50E82733282D4BB400594164 /* Frameworks */,
				50E82734282D4BB400594164 /* Resources */,
			);
			buildRules = (
			);
			dependencies = (
				50E82738282D4BB400594164 /* PBXTargetDependency */,
			);
			name = DelegadosUITests;
			productName = DelegadosUITests;
			productReference = 50E82736282D4BB400594164 /* DelegadosUITests.xctest */;
			productType = "com.apple.product-type.bundle.ui-testing";
		};
/* End PBXNativeTarget section */

/* Begin PBXProject section */
		50E8270A282D4BB200594164 /* Project object */ = {
			isa = PBXProject;
			attributes = {
				LastSwiftUpdateCheck = 1210;
				LastUpgradeCheck = 1210;
				TargetAttributes = {
					50E82711282D4BB200594164 = {
						CreatedOnToolsVersion = 12.1;
					};
					50E8272A282D4BB400594164 = {
						CreatedOnToolsVersion = 12.1;
						TestTargetID = 50E82711282D4BB200594164;
					};
					50E82735282D4BB400594164 = {
						CreatedOnToolsVersion = 12.1;
						TestTargetID = 50E82711282D4BB200594164;
					};
				};
			};
			buildConfigurationList = 50E8270D282D4BB200594164 /* Build configuration list for PBXProject "Delegados" */;
			compatibilityVersion = "Xcode 9.3";
			developmentRegion = en;
			hasScannedForEncodings = 0;
			knownRegions = (
				en,
				Base,
			);
			mainGroup = 50E82709282D4BB200594164;
			productRefGroup = 50E82713282D4BB200594164 /* Products */;
			projectDirPath = "";
			projectRoot = "";
			targets = (
				50E82711282D4BB200594164 /* Delegados */,
				50E8272A282D4BB400594164 /* DelegadosTests */,
				50E82735282D4BB400594164 /* DelegadosUITests */,
			);
		};
/* End PBXProject section */

/* Begin PBXResourcesBuildPhase section */
		50E82710282D4BB200594164 /* Resources */ = {
			isa = PBXResourcesBuildPhase;
			buildActionMask = 2147483647;
			files = (
				50E82725282D4BB300594164 /* LaunchScreen.storyboard in Resources */,
				50E82722282D4BB300594164 /* Assets.xcassets in Resources */,
				50E8271D282D4BB200594164 /* Main.storyboard in Resources */,
			);
			runOnlyForDeploymentPostprocessing = 0;
		};
		50E82729282D4BB400594164 /* Resources */ = {
			isa = PBXResourcesBuildPhase;
			buildActionMask = 2147483647;
			files = (
			);
			runOnlyForDeploymentPostprocessing = 0;
		};
		50E82734282D4BB400594164 /* Resources */ = {
			isa = PBXResourcesBuildPhase;
			buildActionMask = 2147483647;
			files = (
			);
			runOnlyForDeploymentPostprocessing = 0;
		};
/* End PBXResourcesBuildPhase section */

/* Begin PBXSourcesBuildPhase section */
		50E8270E282D4BB200594164 /* Sources */ = {
			isa = PBXSourcesBuildPhase;
			buildActionMask = 2147483647;
			files = (
				50E8271A282D4BB200594164 /* ViewController.swift in Sources */,
				50E82716282D4BB200594164 /* AppDelegate.swift in Sources */,
				50E8274C282D4CD900594164 /* SegundaViewController.swift in Sources */,
				50E82720282D4BB200594164 /* Delegados.xcdatamodeld in Sources */,
				50E82718282D4BB200594164 /* SceneDelegate.swift in Sources */,
			);
			runOnlyForDeploymentPostprocessing = 0;
		};
		50E82727282D4BB400594164 /* Sources */ = {
			isa = PBXSourcesBuildPhase;
			buildActionMask = 2147483647;
			files = (
				50E82730282D4BB400594164 /* DelegadosTests.swift in Sources */,
			);
			runOnlyForDeploymentPostprocessing = 0;
		};
		50E82732282D4BB400594164 /* Sources */ = {
			isa = PBXSourcesBuildPhase;
			buildActionMask = 2147483647;
			files = (
				50E8273B282D4BB400594164 /* DelegadosUITests.swift in Sources */,
			);
			runOnlyForDeploymentPostprocessing = 0;
		};
/* End PBXSourcesBuildPhase section */

/* Begin PBXTargetDependency section */
		50E8272D282D4BB400594164 /* PBXTargetDependency */ = {
			isa = PBXTargetDependency;
			target = 50E82711282D4BB200594164 /* Delegados */;
			targetProxy = 50E8272C282D4BB400594164 /* PBXContainerItemProxy */;
		};
		50E82738282D4BB400594164 /* PBXTargetDependency */ = {
			isa = PBXTargetDependency;
			target = 50E82711282D4BB200594164 /* Delegados */;
			targetProxy = 50E82737282D4BB400594164 /* PBXContainerItemProxy */;
		};
/* End PBXTargetDependency section */

/* Begin PBXVariantGroup section */
		50E8271B282D4BB200594164 /* Main.storyboard */ = {
			isa = PBXVariantGroup;
			children = (
				50E8271C282D4BB200594164 /* Base */,
			);
			name = Main.storyboard;
			sourceTree = "<group>";
		};
		50E82723282D4BB300594164 /* LaunchScreen.storyboard */ = {
			isa = PBXVariantGroup;
			children = (
				50E82724282D4BB300594164 /* Base */,
			);
			name = LaunchScreen.storyboard;
			sourceTree = "<group>";
		};
/* End PBXVariantGroup section */

/* Begin XCBuildConfiguration section */
		50E8273D282D4BB400594164 /* Debug */ = {
			isa = XCBuildConfiguration;
			buildSettings = {
				ALWAYS_SEARCH_USER_PATHS = NO;
				CLANG_ANALYZER_NONNULL = YES;
				CLANG_ANALYZER_NUMBER_OBJECT_CONVERSION = YES_AGGRESSIVE;
				CLANG_CXX_LANGUAGE_STANDARD = "gnu++14";
				CLANG_CXX_LIBRARY = "libc++";
				CLANG_ENABLE_MODULES = YES;
				CLANG_ENABLE_OBJC_ARC = YES;
				CLANG_ENABLE_OBJC_WEAK = YES;
				CLANG_WARN_BLOCK_CAPTURE_AUTORELEASING = YES;
				CLANG_WARN_BOOL_CONVERSION = YES;
				CLANG_WARN_COMMA = YES;
				CLANG_WARN_CONSTANT_CONVERSION = YES;
				CLANG_WARN_DEPRECATED_OBJC_IMPLEMENTATIONS = YES;
				CLANG_WARN_DIRECT_OBJC_ISA_USAGE = YES_ERROR;
				CLANG_WARN_DOCUMENTATION_COMMENTS = YES;
				CLANG_WARN_EMPTY_BODY = YES;
				CLANG_WARN_ENUM_CONVERSION = YES;
				CLANG_WARN_INFINITE_RECURSION = YES;
				CLANG_WARN_INT_CONVERSION = YES;
				CLANG_WARN_NON_LITERAL_NULL_CONVERSION = YES;
				CLANG_WARN_OBJC_IMPLICIT_RETAIN_SELF = YES;
				CLANG_WARN_OBJC_LITERAL_CONVERSION = YES;
				CLANG_WARN_OBJC_ROOT_CLASS = YES_ERROR;
				CLANG_WARN_QUOTED_INCLUDE_IN_FRAMEWORK_HEADER = YES;
				CLANG_WARN_RANGE_LOOP_ANALYSIS = YES;
				CLANG_WARN_STRICT_PROTOTYPES = YES;
				CLANG_WARN_SUSPICIOUS_MOVE = YES;
				CLANG_WARN_UNGUARDED_AVAILABILITY = YES_AGGRESSIVE;
				CLANG_WARN_UNREACHABLE_CODE = YES;
				CLANG_WARN__DUPLICATE_METHOD_MATCH = YES;
				COPY_PHASE_STRIP = NO;
				DEBUG_INFORMATION_FORMAT = dwarf;
				ENABLE_STRICT_OBJC_MSGSEND = YES;
				ENABLE_TESTABILITY = YES;
				GCC_C_LANGUAGE_STANDARD = gnu11;
				GCC_DYNAMIC_NO_PIC = NO;
				GCC_NO_COMMON_BLOCKS = YES;
				GCC_OPTIMIZATION_LEVEL = 0;
				GCC_PREPROCESSOR_DEFINITIONS = (
					"DEBUG=1",
					"$(inherited)",
				);
				GCC_WARN_64_TO_32_BIT_CONVERSION = YES;
				GCC_WARN_ABOUT_RETURN_TYPE = YES_ERROR;
				GCC_WARN_UNDECLARED_SELECTOR = YES;
				GCC_WARN_UNINITIALIZED_AUTOS = YES_AGGRESSIVE;
				GCC_WARN_UNUSED_FUNCTION = YES;
				GCC_WARN_UNUSED_VARIABLE = YES;
				IPHONEOS_DEPLOYMENT_TARGET = 14.1;
				MTL_ENABLE_DEBUG_INFO = INCLUDE_SOURCE;
				MTL_FAST_MATH = YES;
				ONLY_ACTIVE_ARCH = YES;
				SDKROOT = iphoneos;
				SWIFT_ACTIVE_COMPILATION_CONDITIONS = DEBUG;
				SWIFT_OPTIMIZATION_LEVEL = "-Onone";
			};
			name = Debug;
		};
		50E8273E282D4BB400594164 /* Release */ = {
			isa = XCBuildConfiguration;
			buildSettings = {
				ALWAYS_SEARCH_USER_PATHS = NO;
				CLANG_ANALYZER_NONNULL = YES;
				CLANG_ANALYZER_NUMBER_OBJECT_CONVERSION = YES_AGGRESSIVE;
				CLANG_CXX_LANGUAGE_STANDARD = "gnu++14";
				CLANG_CXX_LIBRARY = "libc++";
				CLANG_ENABLE_MODULES = YES;
				CLANG_ENABLE_OBJC_ARC = YES;
				CLANG_ENABLE_OBJC_WEAK = YES;
				CLANG_WARN_BLOCK_CAPTURE_AUTORELEASING = YES;
				CLANG_WARN_BOOL_CONVERSION = YES;
				CLANG_WARN_COMMA = YES;
				CLANG_WARN_CONSTANT_CONVERSION = YES;
				CLANG_WARN_DEPRECATED_OBJC_IMPLEMENTATIONS = YES;
				CLANG_WARN_DIRECT_OBJC_ISA_USAGE = YES_ERROR;
				CLANG_WARN_DOCUMENTATION_COMMENTS = YES;
				CLANG_WARN_EMPTY_BODY = YES;
				CLANG_WARN_ENUM_CONVERSION = YES;
				CLANG_WARN_INFINITE_RECURSION = YES;
				CLANG_WARN_INT_CONVERSION = YES;
				CLANG_WARN_NON_LITERAL_NULL_CONVERSION = YES;
				CLANG_WARN_OBJC_IMPLICIT_RETAIN_SELF = YES;
				CLANG_WARN_OBJC_LITERAL_CONVERSION = YES;
				CLANG_WARN_OBJC_ROOT_CLASS = YES_ERROR;
				CLANG_WARN_QUOTED_INCLUDE_IN_FRAMEWORK_HEADER = YES;
				CLANG_WARN_RANGE_LOOP_ANALYSIS = YES;
				CLANG_WARN_STRICT_PROTOTYPES = YES;
				CLANG_WARN_SUSPICIOUS_MOVE = YES;
				CLANG_WARN_UNGUARDED_AVAILABILITY = YES_AGGRESSIVE;
				CLANG_WARN_UNREACHABLE_CODE = YES;
				CLANG_WARN__DUPLICATE_METHOD_MATCH = YES;
				COPY_PHASE_STRIP = NO;
				DEBUG_INFORMATION_FORMAT = "dwarf-with-dsym";
				ENABLE_NS_ASSERTIONS = NO;
				ENABLE_STRICT_OBJC_MSGSEND = YES;
				GCC_C_LANGUAGE_STANDARD = gnu11;
				GCC_NO_COMMON_BLOCKS = YES;
				GCC_WARN_64_TO_32_BIT_CONVERSION = YES;
				GCC_WARN_ABOUT_RETURN_TYPE = YES_ERROR;
				GCC_WARN_UNDECLARED_SELECTOR = YES;
				GCC_WARN_UNINITIALIZED_AUTOS = YES_AGGRESSIVE;
				GCC_WARN_UNUSED_FUNCTION = YES;
				GCC_WARN_UNUSED_VARIABLE = YES;
				IPHONEOS_DEPLOYMENT_TARGET = 14.1;
				MTL_ENABLE_DEBUG_INFO = NO;
				MTL_FAST_MATH = YES;
				SDKROOT = iphoneos;
				SWIFT_COMPILATION_MODE = wholemodule;
				SWIFT_OPTIMIZATION_LEVEL = "-O";
				VALIDATE_PRODUCT = YES;
			};
			name = Release;
		};
		50E82740282D4BB400594164 /* Debug */ = {
			isa = XCBuildConfiguration;
			buildSettings = {
				ASSETCATALOG_COMPILER_APPICON_NAME = AppIcon;
				ASSETCATALOG_COMPILER_GLOBAL_ACCENT_COLOR_NAME = AccentColor;
				CODE_SIGN_STYLE = Automatic;
				DEVELOPMENT_TEAM = 7TR6KB3KB2;
				INFOPLIST_FILE = Delegados/Info.plist;
				LD_RUNPATH_SEARCH_PATHS = (
					"$(inherited)",
					"@executable_path/Frameworks",
				);
				PRODUCT_BUNDLE_IDENTIFIER = com.dsis.Delegados;
				PRODUCT_NAME = "$(TARGET_NAME)";
				SWIFT_VERSION = 5.0;
				TARGETED_DEVICE_FAMILY = "1,2";
			};
			name = Debug;
		};
		50E82741282D4BB400594164 /* Release */ = {
			isa = XCBuildConfiguration;
			buildSettings = {
				ASSETCATALOG_COMPILER_APPICON_NAME = AppIcon;
				ASSETCATALOG_COMPILER_GLOBAL_ACCENT_COLOR_NAME = AccentColor;
				CODE_SIGN_STYLE = Automatic;
				DEVELOPMENT_TEAM = 7TR6KB3KB2;
				INFOPLIST_FILE = Delegados/Info.plist;
				LD_RUNPATH_SEARCH_PATHS = (
					"$(inherited)",
					"@executable_path/Frameworks",
				);
				PRODUCT_BUNDLE_IDENTIFIER = com.dsis.Delegados;
				PRODUCT_NAME = "$(TARGET_NAME)";
				SWIFT_VERSION = 5.0;
				TARGETED_DEVICE_FAMILY = "1,2";
			};
			name = Release;
		};
		50E82743282D4BB400594164 /* Debug */ = {
			isa = XCBuildConfiguration;
			buildSettings = {
				ALWAYS_EMBED_SWIFT_STANDARD_LIBRARIES = YES;
				BUNDLE_LOADER = "$(TEST_HOST)";
				CODE_SIGN_STYLE = Automatic;
				DEVELOPMENT_TEAM = 7TR6KB3KB2;
				INFOPLIST_FILE = DelegadosTests/Info.plist;
				IPHONEOS_DEPLOYMENT_TARGET = 14.1;
				LD_RUNPATH_SEARCH_PATHS = (
					"$(inherited)",
					"@executable_path/Frameworks",
					"@loader_path/Frameworks",
				);
				PRODUCT_BUNDLE_IDENTIFIER = com.dsis.DelegadosTests;
				PRODUCT_NAME = "$(TARGET_NAME)";
				SWIFT_VERSION = 5.0;
				TARGETED_DEVICE_FAMILY = "1,2";
				TEST_HOST = "$(BUILT_PRODUCTS_DIR)/Delegados.app/Delegados";
			};
			name = Debug;
		};
		50E82744282D4BB400594164 /* Release */ = {
			isa = XCBuildConfiguration;
			buildSettings = {
				ALWAYS_EMBED_SWIFT_STANDARD_LIBRARIES = YES;
				BUNDLE_LOADER = "$(TEST_HOST)";
				CODE_SIGN_STYLE = Automatic;
				DEVELOPMENT_TEAM = 7TR6KB3KB2;
				INFOPLIST_FILE = DelegadosTests/Info.plist;
				IPHONEOS_DEPLOYMENT_TARGET = 14.1;
				LD_RUNPATH_SEARCH_PATHS = (
					"$(inherited)",
					"@executable_path/Frameworks",
					"@loader_path/Frameworks",
				);
				PRODUCT_BUNDLE_IDENTIFIER = com.dsis.DelegadosTests;
				PRODUCT_NAME = "$(TARGET_NAME)";
				SWIFT_VERSION = 5.0;
				TARGETED_DEVICE_FAMILY = "1,2";
				TEST_HOST = "$(BUILT_PRODUCTS_DIR)/Delegados.app/Delegados";
			};
			name = Release;
		};
		50E82746282D4BB400594164 /* Debug */ = {
			isa = XCBuildConfiguration;
			buildSettings = {
				ALWAYS_EMBED_SWIFT_STANDARD_LIBRARIES = YES;
				CODE_SIGN_STYLE = Automatic;
				DEVELOPMENT_TEAM = 7TR6KB3KB2;
				INFOPLIST_FILE = DelegadosUITests/Info.plist;
				LD_RUNPATH_SEARCH_PATHS = (
					"$(inherited)",
					"@executable_path/Frameworks",
					"@loader_path/Frameworks",
				);
				PRODUCT_BUNDLE_IDENTIFIER = com.dsis.DelegadosUITests;
				PRODUCT_NAME = "$(TARGET_NAME)";
				SWIFT_VERSION = 5.0;
				TARGETED_DEVICE_FAMILY = "1,2";
				TEST_TARGET_NAME = Delegados;
			};
			name = Debug;
		};
		50E82747282D4BB400594164 /* Release */ = {
			isa = XCBuildConfiguration;
			buildSettings = {
				ALWAYS_EMBED_SWIFT_STANDARD_LIBRARIES = YES;
				CODE_SIGN_STYLE = Automatic;
				DEVELOPMENT_TEAM = 7TR6KB3KB2;
				INFOPLIST_FILE = DelegadosUITests/Info.plist;
				LD_RUNPATH_SEARCH_PATHS = (
					"$(inherited)",
					"@executable_path/Frameworks",
					"@loader_path/Frameworks",
				);
				PRODUCT_BUNDLE_IDENTIFIER = com.dsis.DelegadosUITests;
				PRODUCT_NAME = "$(TARGET_NAME)";
				SWIFT_VERSION = 5.0;
				TARGETED_DEVICE_FAMILY = "1,2";
				TEST_TARGET_NAME = Delegados;
			};
			name = Release;
		};
/* End XCBuildConfiguration section */

/* Begin XCConfigurationList section */
		50E8270D282D4BB200594164 /* Build configuration list for PBXProject "Delegados" */ = {
			isa = XCConfigurationList;
			buildConfigurations = (
				50E8273D282D4BB400594164 /* Debug */,
				50E8273E282D4BB400594164 /* Release */,
			);
			defaultConfigurationIsVisible = 0;
			defaultConfigurationName = Release;
		};
		50E8273F282D4BB400594164 /* Build configuration list for PBXNativeTarget "Delegados" */ = {
			isa = XCConfigurationList;
			buildConfigurations = (
				50E82740282D4BB400594164 /* Debug */,
				50E82741282D4BB400594164 /* Release */,
			);
			defaultConfigurationIsVisible = 0;
			defaultConfigurationName = Release;
		};
		50E82742282D4BB400594164 /* Build configuration list for PBXNativeTarget "DelegadosTests" */ = {
			isa = XCConfigurationList;
			buildConfigurations = (
				50E82743282D4BB400594164 /* Debug */,
				50E82744282D4BB400594164 /* Release */,
			);
			defaultConfigurationIsVisible = 0;
			defaultConfigurationName = Release;
		};
		50E82745282D4BB400594164 /* Build configuration list for PBXNativeTarget "DelegadosUITests" */ = {
			isa = XCConfigurationList;
			buildConfigurations = (
				50E82746282D4BB400594164 /* Debug */,
				50E82747282D4BB400594164 /* Release */,
			);
			defaultConfigurationIsVisible = 0;
			defaultConfigurationName = Release;
		};
/* End XCConfigurationList section */

/* Begin XCVersionGroup section */
		50E8271E282D4BB200594164 /* Delegados.xcdatamodeld */ = {
			isa = XCVersionGroup;
			children = (
				50E8271F282D4BB200594164 /* Delegados.xcdatamodel */,
			);
			currentVersion = 50E8271F282D4BB200594164 /* Delegados.xcdatamodel */;
			path = Delegados.xcdatamodeld;
			sourceTree = "<group>";
			versionGroupType = wrapper.xcdatamodel;
		};
/* End XCVersionGroup section */
	};
	rootObject = 50E8270A282D4BB200594164 /* Project object */;
}
